
Microsoft Visual Studio Solution File, Format Version 12.00
# Visual Studio Version 16
VisualStudioVersion = 16.0.28803.202
MinimumVisualStudioVersion = 10.0.40219.1
Project("{2150E333-8FDC-42A3-9474-1A3956D46DE8}") = "01.Skynet.Cloud.Framework", "01.Skynet.Cloud.Framework", "{C3F8E862-96EC-410A-A3C8-3CB89B755C8B}"
EndProject
Project("{2150E333-8FDC-42A3-9474-1A3956D46DE8}") = "1.Projects", "1.Projects", "{7016CC4C-A9CB-4DBF-A35E-ECFAE6D0C3F3}"
EndProject
Project("{9A19103F-16F7-4668-BE54-9A1E7A4F7556}") = "Skynet.Cloud.Framework", "01.Skynet.Cloud.Framework\1.Projects\Skynet.Cloud.Framework\Skynet.Cloud.Framework.csproj", "{5994985E-0E37-4C3E-8C3A-9C9A9A8C651F}"
EndProject
Project("{9A19103F-16F7-4668-BE54-9A1E7A4F7556}") = "Skynet.Cloud.Data", "01.Skynet.Cloud.Framework\1.Projects\Skynet.Cloud.Data\Skynet.Cloud.Data.csproj", "{AE29DC83-FA92-4AFF-8CCA-F3FFDD13F08D}"
EndProject
Project("{2150E333-8FDC-42A3-9474-1A3956D46DE8}") = "2.Unittest", "2.Unittest", "{B3AB008A-3C44-449A-9B1E-AB594D486B9A}"
EndProject
Project("{9A19103F-16F7-4668-BE54-9A1E7A4F7556}") = "Skynet.Cloud.Data.Test", "01.Skynet.Cloud.Framework\2.UnitTest\Skynet.Cloud.Data.Test\Skynet.Cloud.Data.Test.csproj", "{64303483-0CE6-4845-A182-49A1B073C71C}"
EndProject
Project("{2150E333-8FDC-42A3-9474-1A3956D46DE8}") = "3.Demo", "3.Demo", "{8C95A5A5-36BF-432F-A4A1-3AB922FC35E5}"
EndProject
Project("{9A19103F-16F7-4668-BE54-9A1E7A4F7556}") = "Skynet.Cloud.Upms.Test.Service", "01.Skynet.Cloud.Framework\3.Demo\Skynet.Cloud.Upms.Test.Service\Skynet.Cloud.Upms.Test.Service.csproj", "{B1D7FF8E-D1F5-424A-8C1B-DBBB59638D5D}"
EndProject
Project("{9A19103F-16F7-4668-BE54-9A1E7A4F7556}") = "Skynet.Cloud.Upms.Test.Service.Interface", "01.Skynet.Cloud.Framework\3.Demo\Skynet.Cloud.Upms.Test.Service.Interface\Skynet.Cloud.Upms.Test.Service.Interface.csproj", "{36B23502-2B41-4B62-AC8A-47B6072672FF}"
EndProject
Project("{9A19103F-16F7-4668-BE54-9A1E7A4F7556}") = "Skynet.Cloud.Upms.Test.Entity", "01.Skynet.Cloud.Framework\3.Demo\Skynet.Cloud.Upms.Test.Entity\Skynet.Cloud.Upms.Test.Entity.csproj", "{D09F8DFD-7754-4A02-AE63-715EEAA874EA}"
EndProject
Project("{9A19103F-16F7-4668-BE54-9A1E7A4F7556}") = "Skynet.Cloud.Upms.Test.Repository", "01.Skynet.Cloud.Framework\3.Demo\Skynet.Cloud.Upms.Test.Repository\Skynet.Cloud.Upms.Test.Repository.csproj", "{4B5487C1-530A-45DE-830C-2602E235896D}"
EndProject
Project("{9A19103F-16F7-4668-BE54-9A1E7A4F7556}") = "Skynet.Cloud.Nacos", "01.Skynet.Cloud.Framework\1.Projects\Skynet.Cloud.Nacos\Skynet.Cloud.Nacos.csproj", "{C9CEA86E-C83D-4E8A-9A40-987B97C0F90F}"
EndProject
Project("{9A19103F-16F7-4668-BE54-9A1E7A4F7556}") = "Skynet.Cloud.ApiDemo", "01.Skynet.Cloud.Framework\3.Demo\Skynet.Cloud.ApiDemo\Skynet.Cloud.ApiDemo.csproj", "{0175740D-6366-4E9B-87AA-CAE82C8BFE19}"
EndProject
Project("{9A19103F-16F7-4668-BE54-9A1E7A4F7556}") = "Steeltoe.Discovery.NacosBase", "01.Skynet.Cloud.Framework\1.Projects\Steeltoe.Discovery.NacosBase\Steeltoe.Discovery.NacosBase.csproj", "{F2C43EEB-F392-45D0-ADDC-6C2161D56FC1}"
EndProject
Project("{9A19103F-16F7-4668-BE54-9A1E7A4F7556}") = "Steeltoe.Configuration.NacosServerBase", "01.Skynet.Cloud.Framework\1.Projects\Steeltoe.Configuration.NacosServerBase\Steeltoe.Configuration.NacosServerBase.csproj", "{1ECCD4FC-B03C-41E4-8133-7427B3BB9DD7}"
EndProject
Project("{2150E333-8FDC-42A3-9474-1A3956D46DE8}") = "config", "config", "{3ED9DD11-7779-4BBC-B44C-019982D9C27D}"
	ProjectSection(SolutionItems) = preProject
		config.yaml = config.yaml
		README.md = README.md
	EndProjectSection
EndProject
Project("{9A19103F-16F7-4668-BE54-9A1E7A4F7556}") = "Skynet.Cloud.Cloud.CloudFoundryDemo", "01.Skynet.Cloud.Framework\3.Demo\Skynet.Cloud.Cloud.CloudFoundryDemo\Skynet.Cloud.Cloud.CloudFoundryDemo.csproj", "{F3EEA3D7-3E02-4D72-88AF-9B7ECD30AD33}"
EndProject
Project("{9A19103F-16F7-4668-BE54-9A1E7A4F7556}") = "Skynet.Cloud.Mvc", "01.Skynet.Cloud.Framework\1.Projects\Skynet.Cloud.Mvc\Skynet.Cloud.Mvc.csproj", "{1FA57C03-04B0-4CEE-82DB-54CB8DBEAE64}"
EndProject
Project("{9A19103F-16F7-4668-BE54-9A1E7A4F7556}") = "Skynet.Cloud.WebCore.Test", "01.Skynet.Cloud.Framework\2.UnitTest\Skynet.Cloud.WebCore.Test\Skynet.Cloud.WebCore.Test.csproj", "{FC32CC06-5E07-4192-BFD0-2E176ECC693F}"
EndProject
Project("{9A19103F-16F7-4668-BE54-9A1E7A4F7556}") = "Skynet.Cloud.ConnectorBase", "01.Skynet.Cloud.Framework\1.Projects\Skynet.Cloud.ConnectorBase\Skynet.Cloud.ConnectorBase.csproj", "{6AC8CFE3-BB72-420B-95F0-3E7521BD321F}"
EndProject
Project("{9A19103F-16F7-4668-BE54-9A1E7A4F7556}") = "Skynet.Cloud.ConnectorBase.Test", "01.Skynet.Cloud.Framework\2.UnitTest\Skynet.Cloud.ConnectorBase.Test\Skynet.Cloud.ConnectorBase.Test.csproj", "{A538D974-10FE-4344-B0B2-3C13AB23E7D6}"
EndProject
Project("{9A19103F-16F7-4668-BE54-9A1E7A4F7556}") = "Skynet.Cloud.Discovery.Abstract", "01.Skynet.Cloud.Framework\1.Projects\Skynet.Cloud.Discovery.Abstract\Skynet.Cloud.Discovery.Abstract.csproj", "{5B4BA8DA-C534-46FA-9622-F6030725FCB4}"
EndProject
Project("{2150E333-8FDC-42A3-9474-1A3956D46DE8}") = "02.Skynet.Cloud.UFlow", "02.Skynet.Cloud.UFlow", "{C47B11D8-2CD0-476B-BCF3-234EFC95FE7C}"
EndProject
Project("{2150E333-8FDC-42A3-9474-1A3956D46DE8}") = "1.Projects", "1.Projects", "{A68933BC-17FF-455E-B049-6B441EA51114}"
EndProject
Project("{2150E333-8FDC-42A3-9474-1A3956D46DE8}") = "03.Skynet.Cloud.CodeGen", "03.Skynet.Cloud.CodeGen", "{2D5AC95F-933C-44F3-9EDF-67907354F53C}"
EndProject
Project("{2150E333-8FDC-42A3-9474-1A3956D46DE8}") = "1.Projects", "1.Projects", "{22014CE1-3C2A-456C-91E5-32B19D59A86C}"
EndProject
Project("{2150E333-8FDC-42A3-9474-1A3956D46DE8}") = "2.Unittest", "2.Unittest", "{EC8BFA79-F14B-43F5-9C60-93561ABAFC54}"
EndProject
Project("{2150E333-8FDC-42A3-9474-1A3956D46DE8}") = "3.Demo", "3.Demo", "{656F953B-0EB9-457C-B5DB-6C106A7400A5}"
EndProject
Project("{2150E333-8FDC-42A3-9474-1A3956D46DE8}") = "Solution Items", "Solution Items", "{5D0ABF6F-E5AE-4A54-9A56-E221E9B5FB91}"
	ProjectSection(SolutionItems) = preProject
		.filenesting.json = .filenesting.json
	EndProjectSection
EndProject
Project("{2150E333-8FDC-42A3-9474-1A3956D46DE8}") = "20.HelpDocument", "20.HelpDocument", "{D1C39E6A-7D2E-44BB-858D-323F98AE690F}"
EndProject
Project("{2150E333-8FDC-42A3-9474-1A3956D46DE8}") = "2.Unittest", "2.Unittest", "{2145D241-E761-4908-A682-CB831A803C06}"
EndProject
Project("{9A19103F-16F7-4668-BE54-9A1E7A4F7556}") = "Skynet.Cloud.Demo.Service.Test", "01.Skynet.Cloud.Framework\2.UnitTest\Skynet.Cloud.Demo.Service.Test\Skynet.Cloud.Demo.Service.Test.csproj", "{798A334C-DBCE-45D3-8F35-C55CFB7CAEBE}"
EndProject
Project("{9A19103F-16F7-4668-BE54-9A1E7A4F7556}") = "Skynet.Cloud.IE", "01.Skynet.Cloud.Framework\1.Projects\Skynet.Cloud.IE\Skynet.Cloud.IE.csproj", "{BCCCCE58-27C1-4ACD-9498-DC5CCE486345}"
EndProject
Project("{9A19103F-16F7-4668-BE54-9A1E7A4F7556}") = "Skynet.Cloud.IE.Test", "01.Skynet.Cloud.Framework\2.UnitTest\Skynet.Cloud.IE.Test\Skynet.Cloud.IE.Test.csproj", "{25ADC388-3AF0-4AC0-B032-C5775AB7FB9E}"
EndProject
Project("{9A19103F-16F7-4668-BE54-9A1E7A4F7556}") = "Skynet.Cloud.CodeGen.Entity", "03.Skynet.Cloud.CodeGen\1.Projects\Skynet.Cloud.CodeGen.Entity\Skynet.Cloud.CodeGen.Entity.csproj", "{5884FA48-559D-41C7-BA69-E42FC2FDB00A}"
EndProject
Project("{9A19103F-16F7-4668-BE54-9A1E7A4F7556}") = "Skynet.Cloud.CodeGen.Repository", "03.Skynet.Cloud.CodeGen\1.Projects\Skynet.Cloud.CodeGen.Repository\Skynet.Cloud.CodeGen.Repository.csproj", "{376ACDF3-752F-4F3C-AF4A-5411D8B07870}"
EndProject
Project("{9A19103F-16F7-4668-BE54-9A1E7A4F7556}") = "Skynet.Cloud.CodeGen.Service", "03.Skynet.Cloud.CodeGen\1.Projects\Skynet.Cloud.CodeGen.Service\Skynet.Cloud.CodeGen.Service.csproj", "{46A1F8DE-5EB9-41B2-93CD-831BF5A9C5D5}"
EndProject
Project("{9A19103F-16F7-4668-BE54-9A1E7A4F7556}") = "Skynet.Cloud.CodeGen.Service.Interface", "03.Skynet.Cloud.CodeGen\1.Projects\Skynet.Cloud.CodeGen.Service.Interface\Skynet.Cloud.CodeGen.Service.Interface.csproj", "{B3AA2A53-9742-4211-8AF5-A76FC7FE3AD9}"
EndProject
Project("{9A19103F-16F7-4668-BE54-9A1E7A4F7556}") = "Skynet.Cloud.CodeGen.Service.Test", "03.Skynet.Cloud.CodeGen\2.UnitTest\Skynet.Cloud.CodeGen.Service.Test\Skynet.Cloud.CodeGen.Service.Test.csproj", "{8A999086-6DA7-4C0C-92B2-CCC5166B4F4E}"
EndProject
Project("{9A19103F-16F7-4668-BE54-9A1E7A4F7556}") = "Skynet.Cloud.Uflow.Entity", "02.Skynet.Cloud.UFlow\1.Projects\Skynet.Cloud.Uflow.Entity\Skynet.Cloud.Uflow.Entity.csproj", "{B31F5E41-0464-46BA-9BEE-893F65A900A2}"
EndProject
Project("{9A19103F-16F7-4668-BE54-9A1E7A4F7556}") = "Skynet.Cloud.Uflow.Repository", "02.Skynet.Cloud.UFlow\1.Projects\Skynet.Cloud.Uflow.Repository\Skynet.Cloud.Uflow.Repository.csproj", "{EC165996-0926-4A48-BD6F-0E8E07D3B13A}"
EndProject
Project("{9A19103F-16F7-4668-BE54-9A1E7A4F7556}") = "Skynet.Cloud.Uflow.Service.Interface", "02.Skynet.Cloud.UFlow\1.Projects\Skynet.Cloud.Uflow.Service.Interface\Skynet.Cloud.Uflow.Service.Interface.csproj", "{6C54EDE8-A0F2-4CA5-BDA5-C8B291980DC8}"
EndProject
Project("{9A19103F-16F7-4668-BE54-9A1E7A4F7556}") = "Skynet.Cloud.Uflow.Service", "02.Skynet.Cloud.UFlow\1.Projects\Skynet.Cloud.Uflow.Service\Skynet.Cloud.Uflow.Service.csproj", "{14F6F9CC-5298-4020-A7AB-623ACF358C66}"
EndProject
Project("{FAE04EC0-301F-11D3-BF4B-00C04F79EFBC}") = "Skynet.Cloud.Dicovery.Core", "01.Skynet.Cloud.Framework\1.Projects\Skynet.Cloud.Dicovery.Core\Skynet.Cloud.Dicovery.Core.csproj", "{2D4956F7-1939-4082-9133-5B4E5C8608FE}"
EndProject
Global
	GlobalSection(SolutionConfigurationPlatforms) = preSolution
		Debug|Any CPU = Debug|Any CPU
		Release|Any CPU = Release|Any CPU
	EndGlobalSection
	GlobalSection(ProjectConfigurationPlatforms) = postSolution
		{5994985E-0E37-4C3E-8C3A-9C9A9A8C651F}.Debug|Any CPU.ActiveCfg = Debug|Any CPU
		{5994985E-0E37-4C3E-8C3A-9C9A9A8C651F}.Debug|Any CPU.Build.0 = Debug|Any CPU
		{5994985E-0E37-4C3E-8C3A-9C9A9A8C651F}.Release|Any CPU.ActiveCfg = Release|Any CPU
		{5994985E-0E37-4C3E-8C3A-9C9A9A8C651F}.Release|Any CPU.Build.0 = Release|Any CPU
		{AE29DC83-FA92-4AFF-8CCA-F3FFDD13F08D}.Debug|Any CPU.ActiveCfg = Debug|Any CPU
		{AE29DC83-FA92-4AFF-8CCA-F3FFDD13F08D}.Debug|Any CPU.Build.0 = Debug|Any CPU
		{AE29DC83-FA92-4AFF-8CCA-F3FFDD13F08D}.Release|Any CPU.ActiveCfg = Release|Any CPU
		{AE29DC83-FA92-4AFF-8CCA-F3FFDD13F08D}.Release|Any CPU.Build.0 = Release|Any CPU
		{64303483-0CE6-4845-A182-49A1B073C71C}.Debug|Any CPU.ActiveCfg = Debug|Any CPU
		{64303483-0CE6-4845-A182-49A1B073C71C}.Debug|Any CPU.Build.0 = Debug|Any CPU
		{64303483-0CE6-4845-A182-49A1B073C71C}.Release|Any CPU.ActiveCfg = Release|Any CPU
		{64303483-0CE6-4845-A182-49A1B073C71C}.Release|Any CPU.Build.0 = Release|Any CPU
		{B1D7FF8E-D1F5-424A-8C1B-DBBB59638D5D}.Debug|Any CPU.ActiveCfg = Debug|Any CPU
		{B1D7FF8E-D1F5-424A-8C1B-DBBB59638D5D}.Debug|Any CPU.Build.0 = Debug|Any CPU
		{B1D7FF8E-D1F5-424A-8C1B-DBBB59638D5D}.Release|Any CPU.ActiveCfg = Release|Any CPU
		{B1D7FF8E-D1F5-424A-8C1B-DBBB59638D5D}.Release|Any CPU.Build.0 = Release|Any CPU
		{36B23502-2B41-4B62-AC8A-47B6072672FF}.Debug|Any CPU.ActiveCfg = Debug|Any CPU
		{36B23502-2B41-4B62-AC8A-47B6072672FF}.Debug|Any CPU.Build.0 = Debug|Any CPU
		{36B23502-2B41-4B62-AC8A-47B6072672FF}.Release|Any CPU.ActiveCfg = Release|Any CPU
		{36B23502-2B41-4B62-AC8A-47B6072672FF}.Release|Any CPU.Build.0 = Release|Any CPU
		{D09F8DFD-7754-4A02-AE63-715EEAA874EA}.Debug|Any CPU.ActiveCfg = Debug|Any CPU
		{D09F8DFD-7754-4A02-AE63-715EEAA874EA}.Debug|Any CPU.Build.0 = Debug|Any CPU
		{D09F8DFD-7754-4A02-AE63-715EEAA874EA}.Release|Any CPU.ActiveCfg = Release|Any CPU
		{D09F8DFD-7754-4A02-AE63-715EEAA874EA}.Release|Any CPU.Build.0 = Release|Any CPU
		{4B5487C1-530A-45DE-830C-2602E235896D}.Debug|Any CPU.ActiveCfg = Debug|Any CPU
		{4B5487C1-530A-45DE-830C-2602E235896D}.Debug|Any CPU.Build.0 = Debug|Any CPU
		{4B5487C1-530A-45DE-830C-2602E235896D}.Release|Any CPU.ActiveCfg = Release|Any CPU
		{4B5487C1-530A-45DE-830C-2602E235896D}.Release|Any CPU.Build.0 = Release|Any CPU
		{C9CEA86E-C83D-4E8A-9A40-987B97C0F90F}.Debug|Any CPU.ActiveCfg = Debug|Any CPU
		{C9CEA86E-C83D-4E8A-9A40-987B97C0F90F}.Debug|Any CPU.Build.0 = Debug|Any CPU
		{C9CEA86E-C83D-4E8A-9A40-987B97C0F90F}.Release|Any CPU.ActiveCfg = Release|Any CPU
		{C9CEA86E-C83D-4E8A-9A40-987B97C0F90F}.Release|Any CPU.Build.0 = Release|Any CPU
		{0175740D-6366-4E9B-87AA-CAE82C8BFE19}.Debug|Any CPU.ActiveCfg = Debug|Any CPU
		{0175740D-6366-4E9B-87AA-CAE82C8BFE19}.Debug|Any CPU.Build.0 = Debug|Any CPU
		{0175740D-6366-4E9B-87AA-CAE82C8BFE19}.Release|Any CPU.ActiveCfg = Release|Any CPU
		{0175740D-6366-4E9B-87AA-CAE82C8BFE19}.Release|Any CPU.Build.0 = Release|Any CPU
		{F2C43EEB-F392-45D0-ADDC-6C2161D56FC1}.Debug|Any CPU.ActiveCfg = Debug|Any CPU
		{F2C43EEB-F392-45D0-ADDC-6C2161D56FC1}.Debug|Any CPU.Build.0 = Debug|Any CPU
		{F2C43EEB-F392-45D0-ADDC-6C2161D56FC1}.Release|Any CPU.ActiveCfg = Release|Any CPU
		{F2C43EEB-F392-45D0-ADDC-6C2161D56FC1}.Release|Any CPU.Build.0 = Release|Any CPU
		{1ECCD4FC-B03C-41E4-8133-7427B3BB9DD7}.Debug|Any CPU.ActiveCfg = Debug|Any CPU
		{1ECCD4FC-B03C-41E4-8133-7427B3BB9DD7}.Debug|Any CPU.Build.0 = Debug|Any CPU
		{1ECCD4FC-B03C-41E4-8133-7427B3BB9DD7}.Release|Any CPU.ActiveCfg = Release|Any CPU
		{1ECCD4FC-B03C-41E4-8133-7427B3BB9DD7}.Release|Any CPU.Build.0 = Release|Any CPU
		{F3EEA3D7-3E02-4D72-88AF-9B7ECD30AD33}.Debug|Any CPU.ActiveCfg = Debug|Any CPU
		{F3EEA3D7-3E02-4D72-88AF-9B7ECD30AD33}.Debug|Any CPU.Build.0 = Debug|Any CPU
		{F3EEA3D7-3E02-4D72-88AF-9B7ECD30AD33}.Release|Any CPU.ActiveCfg = Release|Any CPU
		{F3EEA3D7-3E02-4D72-88AF-9B7ECD30AD33}.Release|Any CPU.Build.0 = Release|Any CPU
		{1FA57C03-04B0-4CEE-82DB-54CB8DBEAE64}.Debug|Any CPU.ActiveCfg = Debug|Any CPU
		{1FA57C03-04B0-4CEE-82DB-54CB8DBEAE64}.Debug|Any CPU.Build.0 = Debug|Any CPU
		{1FA57C03-04B0-4CEE-82DB-54CB8DBEAE64}.Release|Any CPU.ActiveCfg = Release|Any CPU
		{1FA57C03-04B0-4CEE-82DB-54CB8DBEAE64}.Release|Any CPU.Build.0 = Release|Any CPU
		{FC32CC06-5E07-4192-BFD0-2E176ECC693F}.Debug|Any CPU.ActiveCfg = Debug|Any CPU
		{FC32CC06-5E07-4192-BFD0-2E176ECC693F}.Debug|Any CPU.Build.0 = Debug|Any CPU
		{FC32CC06-5E07-4192-BFD0-2E176ECC693F}.Release|Any CPU.ActiveCfg = Release|Any CPU
		{FC32CC06-5E07-4192-BFD0-2E176ECC693F}.Release|Any CPU.Build.0 = Release|Any CPU
		{6AC8CFE3-BB72-420B-95F0-3E7521BD321F}.Debug|Any CPU.ActiveCfg = Debug|Any CPU
		{6AC8CFE3-BB72-420B-95F0-3E7521BD321F}.Debug|Any CPU.Build.0 = Debug|Any CPU
		{6AC8CFE3-BB72-420B-95F0-3E7521BD321F}.Release|Any CPU.ActiveCfg = Release|Any CPU
		{6AC8CFE3-BB72-420B-95F0-3E7521BD321F}.Release|Any CPU.Build.0 = Release|Any CPU
		{A538D974-10FE-4344-B0B2-3C13AB23E7D6}.Debug|Any CPU.ActiveCfg = Debug|Any CPU
		{A538D974-10FE-4344-B0B2-3C13AB23E7D6}.Debug|Any CPU.Build.0 = Debug|Any CPU
		{A538D974-10FE-4344-B0B2-3C13AB23E7D6}.Release|Any CPU.ActiveCfg = Release|Any CPU
		{A538D974-10FE-4344-B0B2-3C13AB23E7D6}.Release|Any CPU.Build.0 = Release|Any CPU
		{5B4BA8DA-C534-46FA-9622-F6030725FCB4}.Debug|Any CPU.ActiveCfg = Debug|Any CPU
		{5B4BA8DA-C534-46FA-9622-F6030725FCB4}.Debug|Any CPU.Build.0 = Debug|Any CPU
		{5B4BA8DA-C534-46FA-9622-F6030725FCB4}.Release|Any CPU.ActiveCfg = Release|Any CPU
		{5B4BA8DA-C534-46FA-9622-F6030725FCB4}.Release|Any CPU.Build.0 = Release|Any CPU
		{798A334C-DBCE-45D3-8F35-C55CFB7CAEBE}.Debug|Any CPU.ActiveCfg = Debug|Any CPU
		{798A334C-DBCE-45D3-8F35-C55CFB7CAEBE}.Debug|Any CPU.Build.0 = Debug|Any CPU
		{798A334C-DBCE-45D3-8F35-C55CFB7CAEBE}.Release|Any CPU.ActiveCfg = Release|Any CPU
		{798A334C-DBCE-45D3-8F35-C55CFB7CAEBE}.Release|Any CPU.Build.0 = Release|Any CPU
		{BCCCCE58-27C1-4ACD-9498-DC5CCE486345}.Debug|Any CPU.ActiveCfg = Debug|Any CPU
		{BCCCCE58-27C1-4ACD-9498-DC5CCE486345}.Debug|Any CPU.Build.0 = Debug|Any CPU
		{BCCCCE58-27C1-4ACD-9498-DC5CCE486345}.Release|Any CPU.ActiveCfg = Release|Any CPU
		{BCCCCE58-27C1-4ACD-9498-DC5CCE486345}.Release|Any CPU.Build.0 = Release|Any CPU
		{25ADC388-3AF0-4AC0-B032-C5775AB7FB9E}.Debug|Any CPU.ActiveCfg = Debug|Any CPU
		{25ADC388-3AF0-4AC0-B032-C5775AB7FB9E}.Debug|Any CPU.Build.0 = Debug|Any CPU
		{25ADC388-3AF0-4AC0-B032-C5775AB7FB9E}.Release|Any CPU.ActiveCfg = Release|Any CPU
		{25ADC388-3AF0-4AC0-B032-C5775AB7FB9E}.Release|Any CPU.Build.0 = Release|Any CPU
		{5884FA48-559D-41C7-BA69-E42FC2FDB00A}.Debug|Any CPU.ActiveCfg = Debug|Any CPU
		{5884FA48-559D-41C7-BA69-E42FC2FDB00A}.Debug|Any CPU.Build.0 = Debug|Any CPU
		{5884FA48-559D-41C7-BA69-E42FC2FDB00A}.Release|Any CPU.ActiveCfg = Release|Any CPU
		{5884FA48-559D-41C7-BA69-E42FC2FDB00A}.Release|Any CPU.Build.0 = Release|Any CPU
		{376ACDF3-752F-4F3C-AF4A-5411D8B07870}.Debug|Any CPU.ActiveCfg = Debug|Any CPU
		{376ACDF3-752F-4F3C-AF4A-5411D8B07870}.Debug|Any CPU.Build.0 = Debug|Any CPU
		{376ACDF3-752F-4F3C-AF4A-5411D8B07870}.Release|Any CPU.ActiveCfg = Release|Any CPU
		{376ACDF3-752F-4F3C-AF4A-5411D8B07870}.Release|Any CPU.Build.0 = Release|Any CPU
		{46A1F8DE-5EB9-41B2-93CD-831BF5A9C5D5}.Debug|Any CPU.ActiveCfg = Debug|Any CPU
		{46A1F8DE-5EB9-41B2-93CD-831BF5A9C5D5}.Debug|Any CPU.Build.0 = Debug|Any CPU
		{46A1F8DE-5EB9-41B2-93CD-831BF5A9C5D5}.Release|Any CPU.ActiveCfg = Release|Any CPU
		{46A1F8DE-5EB9-41B2-93CD-831BF5A9C5D5}.Release|Any CPU.Build.0 = Release|Any CPU
		{B3AA2A53-9742-4211-8AF5-A76FC7FE3AD9}.Debug|Any CPU.ActiveCfg = Debug|Any CPU
		{B3AA2A53-9742-4211-8AF5-A76FC7FE3AD9}.Debug|Any CPU.Build.0 = Debug|Any CPU
		{B3AA2A53-9742-4211-8AF5-A76FC7FE3AD9}.Release|Any CPU.ActiveCfg = Release|Any CPU
		{B3AA2A53-9742-4211-8AF5-A76FC7FE3AD9}.Release|Any CPU.Build.0 = Release|Any CPU
		{8A999086-6DA7-4C0C-92B2-CCC5166B4F4E}.Debug|Any CPU.ActiveCfg = Debug|Any CPU
		{8A999086-6DA7-4C0C-92B2-CCC5166B4F4E}.Debug|Any CPU.Build.0 = Debug|Any CPU
		{8A999086-6DA7-4C0C-92B2-CCC5166B4F4E}.Release|Any CPU.ActiveCfg = Release|Any CPU
		{8A999086-6DA7-4C0C-92B2-CCC5166B4F4E}.Release|Any CPU.Build.0 = Release|Any CPU
		{B31F5E41-0464-46BA-9BEE-893F65A900A2}.Debug|Any CPU.ActiveCfg = Debug|Any CPU
		{B31F5E41-0464-46BA-9BEE-893F65A900A2}.Debug|Any CPU.Build.0 = Debug|Any CPU
		{B31F5E41-0464-46BA-9BEE-893F65A900A2}.Release|Any CPU.ActiveCfg = Release|Any CPU
		{B31F5E41-0464-46BA-9BEE-893F65A900A2}.Release|Any CPU.Build.0 = Release|Any CPU
		{EC165996-0926-4A48-BD6F-0E8E07D3B13A}.Debug|Any CPU.ActiveCfg = Debug|Any CPU
		{EC165996-0926-4A48-BD6F-0E8E07D3B13A}.Debug|Any CPU.Build.0 = Debug|Any CPU
		{EC165996-0926-4A48-BD6F-0E8E07D3B13A}.Release|Any CPU.ActiveCfg = Release|Any CPU
		{EC165996-0926-4A48-BD6F-0E8E07D3B13A}.Release|Any CPU.Build.0 = Release|Any CPU
		{6C54EDE8-A0F2-4CA5-BDA5-C8B291980DC8}.Debug|Any CPU.ActiveCfg = Debug|Any CPU
		{6C54EDE8-A0F2-4CA5-BDA5-C8B291980DC8}.Debug|Any CPU.Build.0 = Debug|Any CPU
		{6C54EDE8-A0F2-4CA5-BDA5-C8B291980DC8}.Release|Any CPU.ActiveCfg = Release|Any CPU
		{6C54EDE8-A0F2-4CA5-BDA5-C8B291980DC8}.Release|Any CPU.Build.0 = Release|Any CPU
		{14F6F9CC-5298-4020-A7AB-623ACF358C66}.Debug|Any CPU.ActiveCfg = Debug|Any CPU
		{14F6F9CC-5298-4020-A7AB-623ACF358C66}.Debug|Any CPU.Build.0 = Debug|Any CPU
		{14F6F9CC-5298-4020-A7AB-623ACF358C66}.Release|Any CPU.ActiveCfg = Release|Any CPU
		{14F6F9CC-5298-4020-A7AB-623ACF358C66}.Release|Any CPU.Build.0 = Release|Any CPU
		{2D4956F7-1939-4082-9133-5B4E5C8608FE}.Debug|Any CPU.ActiveCfg = Debug|Any CPU
		{2D4956F7-1939-4082-9133-5B4E5C8608FE}.Debug|Any CPU.Build.0 = Debug|Any CPU
		{2D4956F7-1939-4082-9133-5B4E5C8608FE}.Release|Any CPU.ActiveCfg = Release|Any CPU
		{2D4956F7-1939-4082-9133-5B4E5C8608FE}.Release|Any CPU.Build.0 = Release|Any CPU
	EndGlobalSection
	GlobalSection(SolutionProperties) = preSolution
		HideSolutionNode = FALSE
	EndGlobalSection
	GlobalSection(NestedProjects) = preSolution
		{7016CC4C-A9CB-4DBF-A35E-ECFAE6D0C3F3} = {C3F8E862-96EC-410A-A3C8-3CB89B755C8B}
		{5994985E-0E37-4C3E-8C3A-9C9A9A8C651F} = {7016CC4C-A9CB-4DBF-A35E-ECFAE6D0C3F3}
		{AE29DC83-FA92-4AFF-8CCA-F3FFDD13F08D} = {7016CC4C-A9CB-4DBF-A35E-ECFAE6D0C3F3}
		{B3AB008A-3C44-449A-9B1E-AB594D486B9A} = {C3F8E862-96EC-410A-A3C8-3CB89B755C8B}
		{64303483-0CE6-4845-A182-49A1B073C71C} = {B3AB008A-3C44-449A-9B1E-AB594D486B9A}
		{8C95A5A5-36BF-432F-A4A1-3AB922FC35E5} = {C3F8E862-96EC-410A-A3C8-3CB89B755C8B}
		{B1D7FF8E-D1F5-424A-8C1B-DBBB59638D5D} = {8C95A5A5-36BF-432F-A4A1-3AB922FC35E5}
		{36B23502-2B41-4B62-AC8A-47B6072672FF} = {8C95A5A5-36BF-432F-A4A1-3AB922FC35E5}
		{D09F8DFD-7754-4A02-AE63-715EEAA874EA} = {8C95A5A5-36BF-432F-A4A1-3AB922FC35E5}
		{4B5487C1-530A-45DE-830C-2602E235896D} = {8C95A5A5-36BF-432F-A4A1-3AB922FC35E5}
		{C9CEA86E-C83D-4E8A-9A40-987B97C0F90F} = {7016CC4C-A9CB-4DBF-A35E-ECFAE6D0C3F3}
		{0175740D-6366-4E9B-87AA-CAE82C8BFE19} = {8C95A5A5-36BF-432F-A4A1-3AB922FC35E5}
		{F2C43EEB-F392-45D0-ADDC-6C2161D56FC1} = {7016CC4C-A9CB-4DBF-A35E-ECFAE6D0C3F3}
		{1ECCD4FC-B03C-41E4-8133-7427B3BB9DD7} = {7016CC4C-A9CB-4DBF-A35E-ECFAE6D0C3F3}
		{F3EEA3D7-3E02-4D72-88AF-9B7ECD30AD33} = {8C95A5A5-36BF-432F-A4A1-3AB922FC35E5}
		{1FA57C03-04B0-4CEE-82DB-54CB8DBEAE64} = {7016CC4C-A9CB-4DBF-A35E-ECFAE6D0C3F3}
		{FC32CC06-5E07-4192-BFD0-2E176ECC693F} = {B3AB008A-3C44-449A-9B1E-AB594D486B9A}
		{6AC8CFE3-BB72-420B-95F0-3E7521BD321F} = {7016CC4C-A9CB-4DBF-A35E-ECFAE6D0C3F3}
		{A538D974-10FE-4344-B0B2-3C13AB23E7D6} = {B3AB008A-3C44-449A-9B1E-AB594D486B9A}
		{5B4BA8DA-C534-46FA-9622-F6030725FCB4} = {7016CC4C-A9CB-4DBF-A35E-ECFAE6D0C3F3}
		{A68933BC-17FF-455E-B049-6B441EA51114} = {C47B11D8-2CD0-476B-BCF3-234EFC95FE7C}
		{22014CE1-3C2A-456C-91E5-32B19D59A86C} = {2D5AC95F-933C-44F3-9EDF-67907354F53C}
		{EC8BFA79-F14B-43F5-9C60-93561ABAFC54} = {2D5AC95F-933C-44F3-9EDF-67907354F53C}
		{656F953B-0EB9-457C-B5DB-6C106A7400A5} = {2D5AC95F-933C-44F3-9EDF-67907354F53C}
		{2145D241-E761-4908-A682-CB831A803C06} = {C47B11D8-2CD0-476B-BCF3-234EFC95FE7C}
		{798A334C-DBCE-45D3-8F35-C55CFB7CAEBE} = {B3AB008A-3C44-449A-9B1E-AB594D486B9A}
		{BCCCCE58-27C1-4ACD-9498-DC5CCE486345} = {7016CC4C-A9CB-4DBF-A35E-ECFAE6D0C3F3}
		{25ADC388-3AF0-4AC0-B032-C5775AB7FB9E} = {B3AB008A-3C44-449A-9B1E-AB594D486B9A}
		{5884FA48-559D-41C7-BA69-E42FC2FDB00A} = {22014CE1-3C2A-456C-91E5-32B19D59A86C}
		{376ACDF3-752F-4F3C-AF4A-5411D8B07870} = {22014CE1-3C2A-456C-91E5-32B19D59A86C}
		{46A1F8DE-5EB9-41B2-93CD-831BF5A9C5D5} = {22014CE1-3C2A-456C-91E5-32B19D59A86C}
		{B3AA2A53-9742-4211-8AF5-A76FC7FE3AD9} = {22014CE1-3C2A-456C-91E5-32B19D59A86C}
		{8A999086-6DA7-4C0C-92B2-CCC5166B4F4E} = {EC8BFA79-F14B-43F5-9C60-93561ABAFC54}
		{B31F5E41-0464-46BA-9BEE-893F65A900A2} = {A68933BC-17FF-455E-B049-6B441EA51114}
		{EC165996-0926-4A48-BD6F-0E8E07D3B13A} = {A68933BC-17FF-455E-B049-6B441EA51114}
		{6C54EDE8-A0F2-4CA5-BDA5-C8B291980DC8} = {A68933BC-17FF-455E-B049-6B441EA51114}
		{14F6F9CC-5298-4020-A7AB-623ACF358C66} = {A68933BC-17FF-455E-B049-6B441EA51114}
		{2D4956F7-1939-4082-9133-5B4E5C8608FE} = {7016CC4C-A9CB-4DBF-A35E-ECFAE6D0C3F3}
	EndGlobalSection
	GlobalSection(ExtensibilityGlobals) = postSolution
		SolutionGuid = {AE362151-8B43-49C2-ABD3-060B24911784}
	EndGlobalSection
EndGlobal
