
Microsoft Visual Studio Solution File, Format Version 12.00
# Visual Studio Version 16
VisualStudioVersion = 16.0.28803.202
MinimumVisualStudioVersion = 10.0.40219.1
Project("{2150E333-8FDC-42A3-9474-1A3956D46DE8}") = "01.Skynet.Cloud.Framework", "01.Skynet.Cloud.Framework", "{C3F8E862-96EC-410A-A3C8-3CB89B755C8B}"
EndProject
Project("{2150E333-8FDC-42A3-9474-1A3956D46DE8}") = "1.Projects", "1.Projects", "{7016CC4C-A9CB-4DBF-A35E-ECFAE6D0C3F3}"
EndProject
Project("{2150E333-8FDC-42A3-9474-1A3956D46DE8}") = "02.Skynet.Cloud.Upms", "02.Skynet.Cloud.Upms", "{67ED791A-938A-44D0-A259-9EB2377358ED}"
EndProject
Project("{2150E333-8FDC-42A3-9474-1A3956D46DE8}") = "1.Projects", "1.Projects", "{5F63611C-D2CC-49C7-8C37-23744A9C136A}"
EndProject
Project("{9A19103F-16F7-4668-BE54-9A1E7A4F7556}") = "Skynet.Cloud.Framework", "01.Skynet.Cloud.Framework\1.Projects\Skynet.Cloud.Framework\Skynet.Cloud.Framework.csproj", "{5994985E-0E37-4C3E-8C3A-9C9A9A8C651F}"
EndProject
Project("{9A19103F-16F7-4668-BE54-9A1E7A4F7556}") = "Skynet.Cloud.Data", "01.Skynet.Cloud.Framework\1.Projects\Skynet.Cloud.Data\Skynet.Cloud.Data.csproj", "{AE29DC83-FA92-4AFF-8CCA-F3FFDD13F08D}"
EndProject
Project("{2150E333-8FDC-42A3-9474-1A3956D46DE8}") = "2.Unittest", "2.Unittest", "{B3AB008A-3C44-449A-9B1E-AB594D486B9A}"
EndProject
Project("{9A19103F-16F7-4668-BE54-9A1E7A4F7556}") = "Skynet.Cloud.Data.Test", "01.Skynet.Cloud.Framework\2.UnitTest\Skynet.Cloud.Data.Test\Skynet.Cloud.Data.Test.csproj", "{64303483-0CE6-4845-A182-49A1B073C71C}"
EndProject
Project("{2150E333-8FDC-42A3-9474-1A3956D46DE8}") = "3.Demo", "3.Demo", "{8C95A5A5-36BF-432F-A4A1-3AB922FC35E5}"
EndProject
Project("{9A19103F-16F7-4668-BE54-9A1E7A4F7556}") = "Skynet.Cloud.Upms.Test.Service", "01.Skynet.Cloud.Framework\3.Demo\Skynet.Cloud.Upms.Test.Service\Skynet.Cloud.Upms.Test.Service.csproj", "{B1D7FF8E-D1F5-424A-8C1B-DBBB59638D5D}"
EndProject
Project("{9A19103F-16F7-4668-BE54-9A1E7A4F7556}") = "Skynet.Cloud.Upms.Test.Service.Interface", "01.Skynet.Cloud.Framework\3.Demo\Skynet.Cloud.Upms.Test.Service.Interface\Skynet.Cloud.Upms.Test.Service.Interface.csproj", "{36B23502-2B41-4B62-AC8A-47B6072672FF}"
EndProject
Project("{9A19103F-16F7-4668-BE54-9A1E7A4F7556}") = "Skynet.Cloud.Upms.Test.Entity", "01.Skynet.Cloud.Framework\3.Demo\Skynet.Cloud.Upms.Test.Entity\Skynet.Cloud.Upms.Test.Entity.csproj", "{D09F8DFD-7754-4A02-AE63-715EEAA874EA}"
EndProject
Project("{9A19103F-16F7-4668-BE54-9A1E7A4F7556}") = "Skynet.Cloud.Upms.Test.Repository", "01.Skynet.Cloud.Framework\3.Demo\Skynet.Cloud.Upms.Test.Repository\Skynet.Cloud.Upms.Test.Repository.csproj", "{4B5487C1-530A-45DE-830C-2602E235896D}"
EndProject
Project("{9A19103F-16F7-4668-BE54-9A1E7A4F7556}") = "Skynet.Cloud.Nacos", "01.Skynet.Cloud.Framework\1.Projects\Skynet.Cloud.Nacos\Skynet.Cloud.Nacos.csproj", "{C9CEA86E-C83D-4E8A-9A40-987B97C0F90F}"
EndProject
Project("{9A19103F-16F7-4668-BE54-9A1E7A4F7556}") = "Skynet.Cloud.ApiDemo", "01.Skynet.Cloud.Framework\3.Demo\Skynet.Cloud.ApiDemo\Skynet.Cloud.ApiDemo.csproj", "{0175740D-6366-4E9B-87AA-CAE82C8BFE19}"
EndProject
Project("{2150E333-8FDC-42A3-9474-1A3956D46DE8}") = "03.Skynet.Cloud.Dcs", "03.Skynet.Cloud.Dcs", "{85651C3C-7AC3-4E14-89A7-03DBDD888053}"
EndProject
Project("{2150E333-8FDC-42A3-9474-1A3956D46DE8}") = "2.UnitTest", "2.UnitTest", "{0CFB3CD8-F501-4DBE-8764-EC2BB9F579C2}"
EndProject
Project("{2150E333-8FDC-42A3-9474-1A3956D46DE8}") = "3.Demo", "3.Demo", "{30F95B4E-9F65-4EFC-B8DD-4884E7E86DDD}"
EndProject
Project("{2150E333-8FDC-42A3-9474-1A3956D46DE8}") = "1.Projects", "1.Projects", "{29EDEB1A-E332-459C-8137-3B6129EEFF8F}"
EndProject
Project("{2150E333-8FDC-42A3-9474-1A3956D46DE8}") = "2.UnitTest", "2.UnitTest", "{7DD6D30B-E760-478F-90EF-942752B479F2}"
EndProject
Project("{2150E333-8FDC-42A3-9474-1A3956D46DE8}") = "3.Demo", "3.Demo", "{0CACF9AC-D08F-4A9D-8DC4-3C2D00F5D0C2}"
EndProject
Project("{9A19103F-16F7-4668-BE54-9A1E7A4F7556}") = "Steeltoe.Discovery.NacosBase", "01.Skynet.Cloud.Framework\1.Projects\Steeltoe.Discovery.NacosBase\Steeltoe.Discovery.NacosBase.csproj", "{F2C43EEB-F392-45D0-ADDC-6C2161D56FC1}"
EndProject
Project("{9A19103F-16F7-4668-BE54-9A1E7A4F7556}") = "Steeltoe.Configuration.NacosServerBase", "01.Skynet.Cloud.Framework\1.Projects\Steeltoe.Configuration.NacosServerBase\Steeltoe.Configuration.NacosServerBase.csproj", "{1ECCD4FC-B03C-41E4-8133-7427B3BB9DD7}"
EndProject
Project("{2150E333-8FDC-42A3-9474-1A3956D46DE8}") = "config", "config", "{3ED9DD11-7779-4BBC-B44C-019982D9C27D}"
	ProjectSection(SolutionItems) = preProject
		config.yaml = config.yaml
		README.md = README.md
	EndProjectSection
EndProject
Project("{9A19103F-16F7-4668-BE54-9A1E7A4F7556}") = "Skynet.Cloud.Cloud.CloudFoundryDemo", "01.Skynet.Cloud.Framework\3.Demo\Skynet.Cloud.Cloud.CloudFoundryDemo\Skynet.Cloud.Cloud.CloudFoundryDemo.csproj", "{F3EEA3D7-3E02-4D72-88AF-9B7ECD30AD33}"
EndProject
Project("{9A19103F-16F7-4668-BE54-9A1E7A4F7556}") = "Skynet.Cloud.Dcs.Repository", "03.Skynet.Cloud.Dcs\1.Projects\Skynet.Cloud.Dcs.Repository\Skynet.Cloud.Dcs.Repository.csproj", "{C35F3194-4FB1-429A-9B2E-F62D2654C47E}"
EndProject
Project("{9A19103F-16F7-4668-BE54-9A1E7A4F7556}") = "Skynet.Cloud.Dcs.Entity", "03.Skynet.Cloud.Dcs\1.Projects\Skynet.Cloud.Dcs.Entity\Skynet.Cloud.Dcs.Entity.csproj", "{758A545F-FFD2-4583-9F7C-749BA08AA704}"
EndProject
Project("{9A19103F-16F7-4668-BE54-9A1E7A4F7556}") = "Skynet.Cloud.Dcs.Service", "03.Skynet.Cloud.Dcs\1.Projects\Skynet.Cloud.Dcs.Service\Skynet.Cloud.Dcs.Service.csproj", "{ACA453DA-5BD0-4363-B86C-4CC856CA3387}"
EndProject
Project("{9A19103F-16F7-4668-BE54-9A1E7A4F7556}") = "Skynet.Cloud.Dcs.Service.Interface", "03.Skynet.Cloud.Dcs\1.Projects\Skynet.Cloud.Dcs.Service.Interface\Skynet.Cloud.Dcs.Service.Interface.csproj", "{7DD2EAF1-D525-4F17-A037-F394121FB300}"
EndProject
Project("{9A19103F-16F7-4668-BE54-9A1E7A4F7556}") = "Skynet.Cloud.Upms.Entity", "02.Skynet.Cloud.Upms\1.Projects\Skynet.Cloud.Upms.Entity\Skynet.Cloud.Upms.Entity.csproj", "{3EFAAF24-B5AE-429A-84CC-797FEB2F6E30}"
EndProject
Project("{9A19103F-16F7-4668-BE54-9A1E7A4F7556}") = "Skynet.Cloud.Upms.Repository", "02.Skynet.Cloud.Upms\1.Projects\Skynet.Cloud.Upms.Repository\Skynet.Cloud.Upms.Repository.csproj", "{2383016C-64CA-44BE-91CE-04F9C1E69962}"
EndProject
Project("{9A19103F-16F7-4668-BE54-9A1E7A4F7556}") = "Skynet.Cloud.Upms.Service.Interface", "02.Skynet.Cloud.Upms\1.Projects\Skynet.Cloud.Upms.Service.Interface\Skynet.Cloud.Upms.Service.Interface.csproj", "{9300FC3E-D3FB-418B-8A4A-83CB9FE12FD0}"
EndProject
Project("{9A19103F-16F7-4668-BE54-9A1E7A4F7556}") = "Skynet.Cloud.Upms.Service", "02.Skynet.Cloud.Upms\1.Projects\Skynet.Cloud.Upms.Service\Skynet.Cloud.Upms.Service.csproj", "{F3BA03D7-400A-4FB1-8EC2-B91B366D08E4}"
EndProject
Project("{9A19103F-16F7-4668-BE54-9A1E7A4F7556}") = "Skynet.Cloud.Upms.Contollers", "02.Skynet.Cloud.Upms\1.Projects\Skynet.Cloud.Upms.Web\Skynet.Cloud.Upms.Contollers.csproj", "{4414091B-79EB-4D1F-B00A-705B8188366F}"
EndProject
Project("{9A19103F-16F7-4668-BE54-9A1E7A4F7556}") = "Skynet.Cloud.Mvc", "01.Skynet.Cloud.Framework\1.Projects\Skynet.Cloud.Mvc\Skynet.Cloud.Mvc.csproj", "{1FA57C03-04B0-4CEE-82DB-54CB8DBEAE64}"
EndProject
Project("{9A19103F-16F7-4668-BE54-9A1E7A4F7556}") = "Skynet.Cloud.WebCore.Test", "01.Skynet.Cloud.Framework\2.UnitTest\Skynet.Cloud.WebCore.Test\Skynet.Cloud.WebCore.Test.csproj", "{FC32CC06-5E07-4192-BFD0-2E176ECC693F}"
EndProject
Project("{9A19103F-16F7-4668-BE54-9A1E7A4F7556}") = "Skynet.Cloud.Dcs.Common", "03.Skynet.Cloud.Dcs\1.Projects\Skynet.Cloud.Dcs.Common\Skynet.Cloud.Dcs.Common.csproj", "{24AEB583-188F-4227-AA76-054CF9A6E02D}"
EndProject
Project("{9A19103F-16F7-4668-BE54-9A1E7A4F7556}") = "Skynet.Cloud.ConnectorBase", "01.Skynet.Cloud.Framework\1.Projects\Skynet.Cloud.ConnectorBase\Skynet.Cloud.ConnectorBase.csproj", "{6AC8CFE3-BB72-420B-95F0-3E7521BD321F}"
EndProject
Project("{9A19103F-16F7-4668-BE54-9A1E7A4F7556}") = "Skynet.Cloud.ConnectorBase.Test", "01.Skynet.Cloud.Framework\2.UnitTest\Skynet.Cloud.ConnectorBase.Test\Skynet.Cloud.ConnectorBase.Test.csproj", "{A538D974-10FE-4344-B0B2-3C13AB23E7D6}"
EndProject
Project("{9A19103F-16F7-4668-BE54-9A1E7A4F7556}") = "Skynet.Cloud.Discovery.Abstract", "01.Skynet.Cloud.Framework\1.Projects\Skynet.Cloud.Discovery.Abstract\Skynet.Cloud.Discovery.Abstract.csproj", "{5B4BA8DA-C534-46FA-9622-F6030725FCB4}"
EndProject
Project("{2150E333-8FDC-42A3-9474-1A3956D46DE8}") = "06.Skynet.Cloud.Nom", "06.Skynet.Cloud.Nom", "{6EF5C078-EDC3-4660-A85C-C195256259D6}"
EndProject
Project("{2150E333-8FDC-42A3-9474-1A3956D46DE8}") = "04.Skynet.Cloud.Jom", "04.Skynet.Cloud.Jom", "{35413245-2798-420A-9D97-B2E205763851}"
EndProject
Project("{2150E333-8FDC-42A3-9474-1A3956D46DE8}") = "05.Skynet.Cloud.Css", "05.Skynet.Cloud.Css", "{6CC698CF-BFBC-400F-AD04-53FE8A32570B}"
EndProject
Project("{9A19103F-16F7-4668-BE54-9A1E7A4F7556}") = "Skynet.Cloud.Nom.Repository", "06.Skynet.Cloud.Nom\1.Projects\Skynet.Cloud.Nom.Repository\Skynet.Cloud.Nom.Repository.csproj", "{65DDDCA5-CCA6-4840-8BC1-6E11A59F163E}"
EndProject
Project("{9A19103F-16F7-4668-BE54-9A1E7A4F7556}") = "Skynet.Cloud.Nom.Service.Interface", "06.Skynet.Cloud.Nom\1.Projects\Skynet.Cloud.Nom.Service.Interface\Skynet.Cloud.Nom.Service.Interface.csproj", "{72CAA957-BA88-4F59-BC57-DAE051CD6331}"
EndProject
Project("{9A19103F-16F7-4668-BE54-9A1E7A4F7556}") = "Skynet.Cloud.Nom.Service", "06.Skynet.Cloud.Nom\1.Projects\Skynet.Cloud.Nom.Service\Skynet.Cloud.Nom.Service.csproj", "{DEA09ABF-F587-443A-927D-14E3C4882D21}"
EndProject
Project("{2150E333-8FDC-42A3-9474-1A3956D46DE8}") = "07.Skynet.Cloud.UFlow", "07.Skynet.Cloud.UFlow", "{C47B11D8-2CD0-476B-BCF3-234EFC95FE7C}"
EndProject
Project("{2150E333-8FDC-42A3-9474-1A3956D46DE8}") = "1.Projects", "1.Projects", "{A68933BC-17FF-455E-B049-6B441EA51114}"
EndProject
Project("{2150E333-8FDC-42A3-9474-1A3956D46DE8}") = "08.Skynet.Cloud.CodeGen", "08.Skynet.Cloud.CodeGen", "{2D5AC95F-933C-44F3-9EDF-67907354F53C}"
EndProject
Project("{2150E333-8FDC-42A3-9474-1A3956D46DE8}") = "1.Projects", "1.Projects", "{22014CE1-3C2A-456C-91E5-32B19D59A86C}"
EndProject
Project("{9A19103F-16F7-4668-BE54-9A1E7A4F7556}") = "Skynet.Cloud.CodeGen.Entity", "08.Skynet.Cloud.CodeGen\1.Projects\Skynet.Cloud.CodeGen.Entity\Skynet.Cloud.CodeGen.Entity.csproj", "{8D00CB42-F447-45A0-B71F-F895BFAEA45B}"
EndProject
Project("{9A19103F-16F7-4668-BE54-9A1E7A4F7556}") = "Skynet.Cloud.CodeGen.Repository", "08.Skynet.Cloud.CodeGen\1.Projects\Skynet.Cloud.CodeGen.Repository\Skynet.Cloud.CodeGen.Repository.csproj", "{11DBD04E-0521-40F6-8823-417E4CEF7B22}"
EndProject
Project("{9A19103F-16F7-4668-BE54-9A1E7A4F7556}") = "Skynet.Cloud.CodeGen.Service", "08.Skynet.Cloud.CodeGen\1.Projects\Skynet.Cloud.CodeGen.Service\Skynet.Cloud.CodeGen.Service.csproj", "{67BFE407-CA75-4C0A-B0F7-7CE603C30C36}"
EndProject
Project("{9A19103F-16F7-4668-BE54-9A1E7A4F7556}") = "Skynet.Cloud.CodeGen.Service.Interface", "08.Skynet.Cloud.CodeGen\1.Projects\Skynet.Cloud.CodeGen.Service.Interface\Skynet.Cloud.CodeGen.Service.Interface.csproj", "{7C3DEDCC-8565-4915-A9EA-CB81EED09C98}"
EndProject
Project("{2150E333-8FDC-42A3-9474-1A3956D46DE8}") = "2.Unittest", "2.Unittest", "{EC8BFA79-F14B-43F5-9C60-93561ABAFC54}"
EndProject
Project("{2150E333-8FDC-42A3-9474-1A3956D46DE8}") = "3.Demo", "3.Demo", "{656F953B-0EB9-457C-B5DB-6C106A7400A5}"
EndProject
Project("{9A19103F-16F7-4668-BE54-9A1E7A4F7556}") = "Skynet.Cloud.CodeGen.Service.Test", "08.Skynet.Cloud.CodeGen\2.UnitTest\Skynet.Cloud.CodeGen.Service.Test\Skynet.Cloud.CodeGen.Service.Test.csproj", "{B9788AFB-8B81-4309-AFB7-5380FC7CCF1E}"
EndProject
Project("{9A19103F-16F7-4668-BE54-9A1E7A4F7556}") = "Skynet.Cloud.Uflow.Entity", "07.Skynet.Cloud.UFlow\1.Projects\Skynet.Cloud.Uflow.Entity\Skynet.Cloud.Uflow.Entity.csproj", "{776E1BBE-7632-4D04-AE9E-336959DEF22D}"
EndProject
Project("{9A19103F-16F7-4668-BE54-9A1E7A4F7556}") = "Skynet.Cloud.Uflow.Repository", "07.Skynet.Cloud.UFlow\1.Projects\Skynet.Cloud.Uflow.Repository\Skynet.Cloud.Uflow.Repository.csproj", "{4672E022-9974-458A-BD57-F5009A330E46}"
EndProject
Project("{9A19103F-16F7-4668-BE54-9A1E7A4F7556}") = "Skynet.Cloud.Uflow.Service.Interface", "07.Skynet.Cloud.UFlow\1.Projects\Skynet.Cloud.Uflow.Service.Interface\Skynet.Cloud.Uflow.Service.Interface.csproj", "{DA8E214D-D2DA-43B6-AF1C-73B030AE0260}"
EndProject
Project("{9A19103F-16F7-4668-BE54-9A1E7A4F7556}") = "Skynet.Cloud.Uflow.Service", "07.Skynet.Cloud.UFlow\1.Projects\Skynet.Cloud.Uflow.Service\Skynet.Cloud.Uflow.Service.csproj", "{0A2FAA37-7689-48D0-9FEE-73DDCF1DD959}"
EndProject
Project("{2150E333-8FDC-42A3-9474-1A3956D46DE8}") = "Solution Items", "Solution Items", "{5D0ABF6F-E5AE-4A54-9A56-E221E9B5FB91}"
	ProjectSection(SolutionItems) = preProject
		.filenesting.json = .filenesting.json
	EndProjectSection
EndProject
Project("{2150E333-8FDC-42A3-9474-1A3956D46DE8}") = "20.HelpDocument", "20.HelpDocument", "{D1C39E6A-7D2E-44BB-858D-323F98AE690F}"
EndProject
Project("{2150E333-8FDC-42A3-9474-1A3956D46DE8}") = "1.Project", "1.Project", "{650D219D-8000-4695-BD9B-DC48B3002126}"
EndProject
Project("{2150E333-8FDC-42A3-9474-1A3956D46DE8}") = "2.Unittest", "2.Unittest", "{45B17963-5C04-479E-A64B-EC637730E36B}"
EndProject
Project("{2150E333-8FDC-42A3-9474-1A3956D46DE8}") = "2.Unittest", "2.Unittest", "{2145D241-E761-4908-A682-CB831A803C06}"
EndProject
Project("{2150E333-8FDC-42A3-9474-1A3956D46DE8}") = "3.Demo", "3.Demo", "{ADA5E92E-5087-4EB7-AFD3-96B82BB554E6}"
EndProject
Project("{9A19103F-16F7-4668-BE54-9A1E7A4F7556}") = "Skynet.Cloud.Nom.XUnitTest", "06.Skynet.Cloud.Nom\2.Unittest\Skynet.Cloud.Nom.XUnitTest\Skynet.Cloud.Nom.XUnitTest.csproj", "{4DCE8A99-A714-4D86-99B4-AD24E84D6CC7}"
EndProject
Project("{9A19103F-16F7-4668-BE54-9A1E7A4F7556}") = "Skynet.Cloud.Uflow.Service.XUnitTest", "07.Skynet.Cloud.UFlow\2.Unittest\Skynet.Cloud.Uflow.Service.XUnitTest\Skynet.Cloud.Uflow.Service.XUnitTest.csproj", "{016EEFA9-68D0-4D05-8632-C8C0906AD9D1}"
EndProject
Project("{9A19103F-16F7-4668-BE54-9A1E7A4F7556}") = "Skynet.Cloud.Nom.Entity", "06.Skynet.Cloud.Nom\1.Projects\Skynet.Cloud.Nom.Entity\Skynet.Cloud.Nom.Entity.csproj", "{CF11E8E4-CEB1-4A64-95C6-BE26FAE79C37}"
EndProject
Project("{9A19103F-16F7-4668-BE54-9A1E7A4F7556}") = "Skynet.Cloud.Demo.Service.Test", "01.Skynet.Cloud.Framework\2.UnitTest\Skynet.Cloud.Demo.Service.Test\Skynet.Cloud.Demo.Service.Test.csproj", "{798A334C-DBCE-45D3-8F35-C55CFB7CAEBE}"
EndProject
Project("{9A19103F-16F7-4668-BE54-9A1E7A4F7556}") = "JwtTokenWebDemo", "01.Skynet.Cloud.Framework\3.Demo\JwtTokenWebDemo\JwtTokenWebDemo.csproj", "{C2942C3B-85B0-4C59-82B0-1D12F5F2AA34}"
EndProject
Project("{FAE04EC0-301F-11D3-BF4B-00C04F79EFBC}") = "Skynet.Cloud.Authentication.CloudFoundryBase", "01.Skynet.Cloud.Framework\1.Projects\Skynet.Cloud.Authentication.CloudFoundryBase\Skynet.Cloud.Authentication.CloudFoundryBase.csproj", "{DC8F70A2-E1BB-404A-81FF-631AD47101B3}"
EndProject
Project("{FAE04EC0-301F-11D3-BF4B-00C04F79EFBC}") = "Skynet.Cloud.Authentication.CloudFoundryCore", "01.Skynet.Cloud.Framework\1.Projects\Skynet.Cloud.Authentication.CloudFoundryCore\Skynet.Cloud.Authentication.CloudFoundryCore.csproj", "{B4C33E5C-0ED2-4AAD-A41F-2F316B0E3B2B}"
EndProject
Global
	GlobalSection(SolutionConfigurationPlatforms) = preSolution
		Debug|Any CPU = Debug|Any CPU
		Release|Any CPU = Release|Any CPU
	EndGlobalSection
	GlobalSection(ProjectConfigurationPlatforms) = postSolution
		{5994985E-0E37-4C3E-8C3A-9C9A9A8C651F}.Debug|Any CPU.ActiveCfg = Debug|Any CPU
		{5994985E-0E37-4C3E-8C3A-9C9A9A8C651F}.Debug|Any CPU.Build.0 = Debug|Any CPU
		{5994985E-0E37-4C3E-8C3A-9C9A9A8C651F}.Release|Any CPU.ActiveCfg = Release|Any CPU
		{5994985E-0E37-4C3E-8C3A-9C9A9A8C651F}.Release|Any CPU.Build.0 = Release|Any CPU
		{AE29DC83-FA92-4AFF-8CCA-F3FFDD13F08D}.Debug|Any CPU.ActiveCfg = Debug|Any CPU
		{AE29DC83-FA92-4AFF-8CCA-F3FFDD13F08D}.Debug|Any CPU.Build.0 = Debug|Any CPU
		{AE29DC83-FA92-4AFF-8CCA-F3FFDD13F08D}.Release|Any CPU.ActiveCfg = Release|Any CPU
		{AE29DC83-FA92-4AFF-8CCA-F3FFDD13F08D}.Release|Any CPU.Build.0 = Release|Any CPU
		{64303483-0CE6-4845-A182-49A1B073C71C}.Debug|Any CPU.ActiveCfg = Debug|Any CPU
		{64303483-0CE6-4845-A182-49A1B073C71C}.Debug|Any CPU.Build.0 = Debug|Any CPU
		{64303483-0CE6-4845-A182-49A1B073C71C}.Release|Any CPU.ActiveCfg = Release|Any CPU
		{64303483-0CE6-4845-A182-49A1B073C71C}.Release|Any CPU.Build.0 = Release|Any CPU
		{B1D7FF8E-D1F5-424A-8C1B-DBBB59638D5D}.Debug|Any CPU.ActiveCfg = Debug|Any CPU
		{B1D7FF8E-D1F5-424A-8C1B-DBBB59638D5D}.Debug|Any CPU.Build.0 = Debug|Any CPU
		{B1D7FF8E-D1F5-424A-8C1B-DBBB59638D5D}.Release|Any CPU.ActiveCfg = Release|Any CPU
		{B1D7FF8E-D1F5-424A-8C1B-DBBB59638D5D}.Release|Any CPU.Build.0 = Release|Any CPU
		{36B23502-2B41-4B62-AC8A-47B6072672FF}.Debug|Any CPU.ActiveCfg = Debug|Any CPU
		{36B23502-2B41-4B62-AC8A-47B6072672FF}.Debug|Any CPU.Build.0 = Debug|Any CPU
		{36B23502-2B41-4B62-AC8A-47B6072672FF}.Release|Any CPU.ActiveCfg = Release|Any CPU
		{36B23502-2B41-4B62-AC8A-47B6072672FF}.Release|Any CPU.Build.0 = Release|Any CPU
		{D09F8DFD-7754-4A02-AE63-715EEAA874EA}.Debug|Any CPU.ActiveCfg = Debug|Any CPU
		{D09F8DFD-7754-4A02-AE63-715EEAA874EA}.Debug|Any CPU.Build.0 = Debug|Any CPU
		{D09F8DFD-7754-4A02-AE63-715EEAA874EA}.Release|Any CPU.ActiveCfg = Release|Any CPU
		{D09F8DFD-7754-4A02-AE63-715EEAA874EA}.Release|Any CPU.Build.0 = Release|Any CPU
		{4B5487C1-530A-45DE-830C-2602E235896D}.Debug|Any CPU.ActiveCfg = Debug|Any CPU
		{4B5487C1-530A-45DE-830C-2602E235896D}.Debug|Any CPU.Build.0 = Debug|Any CPU
		{4B5487C1-530A-45DE-830C-2602E235896D}.Release|Any CPU.ActiveCfg = Release|Any CPU
		{4B5487C1-530A-45DE-830C-2602E235896D}.Release|Any CPU.Build.0 = Release|Any CPU
		{C9CEA86E-C83D-4E8A-9A40-987B97C0F90F}.Debug|Any CPU.ActiveCfg = Debug|Any CPU
		{C9CEA86E-C83D-4E8A-9A40-987B97C0F90F}.Debug|Any CPU.Build.0 = Debug|Any CPU
		{C9CEA86E-C83D-4E8A-9A40-987B97C0F90F}.Release|Any CPU.ActiveCfg = Release|Any CPU
		{C9CEA86E-C83D-4E8A-9A40-987B97C0F90F}.Release|Any CPU.Build.0 = Release|Any CPU
		{0175740D-6366-4E9B-87AA-CAE82C8BFE19}.Debug|Any CPU.ActiveCfg = Debug|Any CPU
		{0175740D-6366-4E9B-87AA-CAE82C8BFE19}.Debug|Any CPU.Build.0 = Debug|Any CPU
		{0175740D-6366-4E9B-87AA-CAE82C8BFE19}.Release|Any CPU.ActiveCfg = Release|Any CPU
		{0175740D-6366-4E9B-87AA-CAE82C8BFE19}.Release|Any CPU.Build.0 = Release|Any CPU
		{F2C43EEB-F392-45D0-ADDC-6C2161D56FC1}.Debug|Any CPU.ActiveCfg = Debug|Any CPU
		{F2C43EEB-F392-45D0-ADDC-6C2161D56FC1}.Debug|Any CPU.Build.0 = Debug|Any CPU
		{F2C43EEB-F392-45D0-ADDC-6C2161D56FC1}.Release|Any CPU.ActiveCfg = Release|Any CPU
		{F2C43EEB-F392-45D0-ADDC-6C2161D56FC1}.Release|Any CPU.Build.0 = Release|Any CPU
		{1ECCD4FC-B03C-41E4-8133-7427B3BB9DD7}.Debug|Any CPU.ActiveCfg = Debug|Any CPU
		{1ECCD4FC-B03C-41E4-8133-7427B3BB9DD7}.Debug|Any CPU.Build.0 = Debug|Any CPU
		{1ECCD4FC-B03C-41E4-8133-7427B3BB9DD7}.Release|Any CPU.ActiveCfg = Release|Any CPU
		{1ECCD4FC-B03C-41E4-8133-7427B3BB9DD7}.Release|Any CPU.Build.0 = Release|Any CPU
		{F3EEA3D7-3E02-4D72-88AF-9B7ECD30AD33}.Debug|Any CPU.ActiveCfg = Debug|Any CPU
		{F3EEA3D7-3E02-4D72-88AF-9B7ECD30AD33}.Debug|Any CPU.Build.0 = Debug|Any CPU
		{F3EEA3D7-3E02-4D72-88AF-9B7ECD30AD33}.Release|Any CPU.ActiveCfg = Release|Any CPU
		{F3EEA3D7-3E02-4D72-88AF-9B7ECD30AD33}.Release|Any CPU.Build.0 = Release|Any CPU
		{C35F3194-4FB1-429A-9B2E-F62D2654C47E}.Debug|Any CPU.ActiveCfg = Debug|Any CPU
		{C35F3194-4FB1-429A-9B2E-F62D2654C47E}.Debug|Any CPU.Build.0 = Debug|Any CPU
		{C35F3194-4FB1-429A-9B2E-F62D2654C47E}.Release|Any CPU.ActiveCfg = Release|Any CPU
		{C35F3194-4FB1-429A-9B2E-F62D2654C47E}.Release|Any CPU.Build.0 = Release|Any CPU
		{758A545F-FFD2-4583-9F7C-749BA08AA704}.Debug|Any CPU.ActiveCfg = Debug|Any CPU
		{758A545F-FFD2-4583-9F7C-749BA08AA704}.Debug|Any CPU.Build.0 = Debug|Any CPU
		{758A545F-FFD2-4583-9F7C-749BA08AA704}.Release|Any CPU.ActiveCfg = Release|Any CPU
		{758A545F-FFD2-4583-9F7C-749BA08AA704}.Release|Any CPU.Build.0 = Release|Any CPU
		{ACA453DA-5BD0-4363-B86C-4CC856CA3387}.Debug|Any CPU.ActiveCfg = Debug|Any CPU
		{ACA453DA-5BD0-4363-B86C-4CC856CA3387}.Debug|Any CPU.Build.0 = Debug|Any CPU
		{ACA453DA-5BD0-4363-B86C-4CC856CA3387}.Release|Any CPU.ActiveCfg = Release|Any CPU
		{ACA453DA-5BD0-4363-B86C-4CC856CA3387}.Release|Any CPU.Build.0 = Release|Any CPU
		{7DD2EAF1-D525-4F17-A037-F394121FB300}.Debug|Any CPU.ActiveCfg = Debug|Any CPU
		{7DD2EAF1-D525-4F17-A037-F394121FB300}.Debug|Any CPU.Build.0 = Debug|Any CPU
		{7DD2EAF1-D525-4F17-A037-F394121FB300}.Release|Any CPU.ActiveCfg = Release|Any CPU
		{7DD2EAF1-D525-4F17-A037-F394121FB300}.Release|Any CPU.Build.0 = Release|Any CPU
		{3EFAAF24-B5AE-429A-84CC-797FEB2F6E30}.Debug|Any CPU.ActiveCfg = Debug|Any CPU
		{3EFAAF24-B5AE-429A-84CC-797FEB2F6E30}.Debug|Any CPU.Build.0 = Debug|Any CPU
		{3EFAAF24-B5AE-429A-84CC-797FEB2F6E30}.Release|Any CPU.ActiveCfg = Release|Any CPU
		{3EFAAF24-B5AE-429A-84CC-797FEB2F6E30}.Release|Any CPU.Build.0 = Release|Any CPU
		{2383016C-64CA-44BE-91CE-04F9C1E69962}.Debug|Any CPU.ActiveCfg = Debug|Any CPU
		{2383016C-64CA-44BE-91CE-04F9C1E69962}.Debug|Any CPU.Build.0 = Debug|Any CPU
		{2383016C-64CA-44BE-91CE-04F9C1E69962}.Release|Any CPU.ActiveCfg = Release|Any CPU
		{2383016C-64CA-44BE-91CE-04F9C1E69962}.Release|Any CPU.Build.0 = Release|Any CPU
		{9300FC3E-D3FB-418B-8A4A-83CB9FE12FD0}.Debug|Any CPU.ActiveCfg = Debug|Any CPU
		{9300FC3E-D3FB-418B-8A4A-83CB9FE12FD0}.Debug|Any CPU.Build.0 = Debug|Any CPU
		{9300FC3E-D3FB-418B-8A4A-83CB9FE12FD0}.Release|Any CPU.ActiveCfg = Release|Any CPU
		{9300FC3E-D3FB-418B-8A4A-83CB9FE12FD0}.Release|Any CPU.Build.0 = Release|Any CPU
		{F3BA03D7-400A-4FB1-8EC2-B91B366D08E4}.Debug|Any CPU.ActiveCfg = Debug|Any CPU
		{F3BA03D7-400A-4FB1-8EC2-B91B366D08E4}.Debug|Any CPU.Build.0 = Debug|Any CPU
		{F3BA03D7-400A-4FB1-8EC2-B91B366D08E4}.Release|Any CPU.ActiveCfg = Release|Any CPU
		{F3BA03D7-400A-4FB1-8EC2-B91B366D08E4}.Release|Any CPU.Build.0 = Release|Any CPU
		{4414091B-79EB-4D1F-B00A-705B8188366F}.Debug|Any CPU.ActiveCfg = Debug|Any CPU
		{4414091B-79EB-4D1F-B00A-705B8188366F}.Debug|Any CPU.Build.0 = Debug|Any CPU
		{4414091B-79EB-4D1F-B00A-705B8188366F}.Release|Any CPU.ActiveCfg = Release|Any CPU
		{4414091B-79EB-4D1F-B00A-705B8188366F}.Release|Any CPU.Build.0 = Release|Any CPU
		{1FA57C03-04B0-4CEE-82DB-54CB8DBEAE64}.Debug|Any CPU.ActiveCfg = Debug|Any CPU
		{1FA57C03-04B0-4CEE-82DB-54CB8DBEAE64}.Debug|Any CPU.Build.0 = Debug|Any CPU
		{1FA57C03-04B0-4CEE-82DB-54CB8DBEAE64}.Release|Any CPU.ActiveCfg = Release|Any CPU
		{1FA57C03-04B0-4CEE-82DB-54CB8DBEAE64}.Release|Any CPU.Build.0 = Release|Any CPU
		{FC32CC06-5E07-4192-BFD0-2E176ECC693F}.Debug|Any CPU.ActiveCfg = Debug|Any CPU
		{FC32CC06-5E07-4192-BFD0-2E176ECC693F}.Debug|Any CPU.Build.0 = Debug|Any CPU
		{FC32CC06-5E07-4192-BFD0-2E176ECC693F}.Release|Any CPU.ActiveCfg = Release|Any CPU
		{FC32CC06-5E07-4192-BFD0-2E176ECC693F}.Release|Any CPU.Build.0 = Release|Any CPU
		{24AEB583-188F-4227-AA76-054CF9A6E02D}.Debug|Any CPU.ActiveCfg = Debug|Any CPU
		{24AEB583-188F-4227-AA76-054CF9A6E02D}.Debug|Any CPU.Build.0 = Debug|Any CPU
		{24AEB583-188F-4227-AA76-054CF9A6E02D}.Release|Any CPU.ActiveCfg = Release|Any CPU
		{24AEB583-188F-4227-AA76-054CF9A6E02D}.Release|Any CPU.Build.0 = Release|Any CPU
		{6AC8CFE3-BB72-420B-95F0-3E7521BD321F}.Debug|Any CPU.ActiveCfg = Debug|Any CPU
		{6AC8CFE3-BB72-420B-95F0-3E7521BD321F}.Debug|Any CPU.Build.0 = Debug|Any CPU
		{6AC8CFE3-BB72-420B-95F0-3E7521BD321F}.Release|Any CPU.ActiveCfg = Release|Any CPU
		{6AC8CFE3-BB72-420B-95F0-3E7521BD321F}.Release|Any CPU.Build.0 = Release|Any CPU
		{A538D974-10FE-4344-B0B2-3C13AB23E7D6}.Debug|Any CPU.ActiveCfg = Debug|Any CPU
		{A538D974-10FE-4344-B0B2-3C13AB23E7D6}.Debug|Any CPU.Build.0 = Debug|Any CPU
		{A538D974-10FE-4344-B0B2-3C13AB23E7D6}.Release|Any CPU.ActiveCfg = Release|Any CPU
		{A538D974-10FE-4344-B0B2-3C13AB23E7D6}.Release|Any CPU.Build.0 = Release|Any CPU
		{5B4BA8DA-C534-46FA-9622-F6030725FCB4}.Debug|Any CPU.ActiveCfg = Debug|Any CPU
		{5B4BA8DA-C534-46FA-9622-F6030725FCB4}.Debug|Any CPU.Build.0 = Debug|Any CPU
		{5B4BA8DA-C534-46FA-9622-F6030725FCB4}.Release|Any CPU.ActiveCfg = Release|Any CPU
		{5B4BA8DA-C534-46FA-9622-F6030725FCB4}.Release|Any CPU.Build.0 = Release|Any CPU
		{65DDDCA5-CCA6-4840-8BC1-6E11A59F163E}.Debug|Any CPU.ActiveCfg = Debug|Any CPU
		{65DDDCA5-CCA6-4840-8BC1-6E11A59F163E}.Debug|Any CPU.Build.0 = Debug|Any CPU
		{65DDDCA5-CCA6-4840-8BC1-6E11A59F163E}.Release|Any CPU.ActiveCfg = Release|Any CPU
		{65DDDCA5-CCA6-4840-8BC1-6E11A59F163E}.Release|Any CPU.Build.0 = Release|Any CPU
		{72CAA957-BA88-4F59-BC57-DAE051CD6331}.Debug|Any CPU.ActiveCfg = Debug|Any CPU
		{72CAA957-BA88-4F59-BC57-DAE051CD6331}.Debug|Any CPU.Build.0 = Debug|Any CPU
		{72CAA957-BA88-4F59-BC57-DAE051CD6331}.Release|Any CPU.ActiveCfg = Release|Any CPU
		{72CAA957-BA88-4F59-BC57-DAE051CD6331}.Release|Any CPU.Build.0 = Release|Any CPU
		{DEA09ABF-F587-443A-927D-14E3C4882D21}.Debug|Any CPU.ActiveCfg = Debug|Any CPU
		{DEA09ABF-F587-443A-927D-14E3C4882D21}.Debug|Any CPU.Build.0 = Debug|Any CPU
		{DEA09ABF-F587-443A-927D-14E3C4882D21}.Release|Any CPU.ActiveCfg = Release|Any CPU
		{DEA09ABF-F587-443A-927D-14E3C4882D21}.Release|Any CPU.Build.0 = Release|Any CPU
		{8D00CB42-F447-45A0-B71F-F895BFAEA45B}.Debug|Any CPU.ActiveCfg = Debug|Any CPU
		{8D00CB42-F447-45A0-B71F-F895BFAEA45B}.Debug|Any CPU.Build.0 = Debug|Any CPU
		{8D00CB42-F447-45A0-B71F-F895BFAEA45B}.Release|Any CPU.ActiveCfg = Release|Any CPU
		{8D00CB42-F447-45A0-B71F-F895BFAEA45B}.Release|Any CPU.Build.0 = Release|Any CPU
		{11DBD04E-0521-40F6-8823-417E4CEF7B22}.Debug|Any CPU.ActiveCfg = Debug|Any CPU
		{11DBD04E-0521-40F6-8823-417E4CEF7B22}.Debug|Any CPU.Build.0 = Debug|Any CPU
		{11DBD04E-0521-40F6-8823-417E4CEF7B22}.Release|Any CPU.ActiveCfg = Release|Any CPU
		{11DBD04E-0521-40F6-8823-417E4CEF7B22}.Release|Any CPU.Build.0 = Release|Any CPU
		{67BFE407-CA75-4C0A-B0F7-7CE603C30C36}.Debug|Any CPU.ActiveCfg = Debug|Any CPU
		{67BFE407-CA75-4C0A-B0F7-7CE603C30C36}.Debug|Any CPU.Build.0 = Debug|Any CPU
		{67BFE407-CA75-4C0A-B0F7-7CE603C30C36}.Release|Any CPU.ActiveCfg = Release|Any CPU
		{67BFE407-CA75-4C0A-B0F7-7CE603C30C36}.Release|Any CPU.Build.0 = Release|Any CPU
		{7C3DEDCC-8565-4915-A9EA-CB81EED09C98}.Debug|Any CPU.ActiveCfg = Debug|Any CPU
		{7C3DEDCC-8565-4915-A9EA-CB81EED09C98}.Debug|Any CPU.Build.0 = Debug|Any CPU
		{7C3DEDCC-8565-4915-A9EA-CB81EED09C98}.Release|Any CPU.ActiveCfg = Release|Any CPU
		{7C3DEDCC-8565-4915-A9EA-CB81EED09C98}.Release|Any CPU.Build.0 = Release|Any CPU
		{B9788AFB-8B81-4309-AFB7-5380FC7CCF1E}.Debug|Any CPU.ActiveCfg = Debug|Any CPU
		{B9788AFB-8B81-4309-AFB7-5380FC7CCF1E}.Debug|Any CPU.Build.0 = Debug|Any CPU
		{B9788AFB-8B81-4309-AFB7-5380FC7CCF1E}.Release|Any CPU.ActiveCfg = Release|Any CPU
		{B9788AFB-8B81-4309-AFB7-5380FC7CCF1E}.Release|Any CPU.Build.0 = Release|Any CPU
		{776E1BBE-7632-4D04-AE9E-336959DEF22D}.Debug|Any CPU.ActiveCfg = Debug|Any CPU
		{776E1BBE-7632-4D04-AE9E-336959DEF22D}.Debug|Any CPU.Build.0 = Debug|Any CPU
		{776E1BBE-7632-4D04-AE9E-336959DEF22D}.Release|Any CPU.ActiveCfg = Release|Any CPU
		{776E1BBE-7632-4D04-AE9E-336959DEF22D}.Release|Any CPU.Build.0 = Release|Any CPU
		{4672E022-9974-458A-BD57-F5009A330E46}.Debug|Any CPU.ActiveCfg = Debug|Any CPU
		{4672E022-9974-458A-BD57-F5009A330E46}.Debug|Any CPU.Build.0 = Debug|Any CPU
		{4672E022-9974-458A-BD57-F5009A330E46}.Release|Any CPU.ActiveCfg = Release|Any CPU
		{4672E022-9974-458A-BD57-F5009A330E46}.Release|Any CPU.Build.0 = Release|Any CPU
		{DA8E214D-D2DA-43B6-AF1C-73B030AE0260}.Debug|Any CPU.ActiveCfg = Debug|Any CPU
		{DA8E214D-D2DA-43B6-AF1C-73B030AE0260}.Debug|Any CPU.Build.0 = Debug|Any CPU
		{DA8E214D-D2DA-43B6-AF1C-73B030AE0260}.Release|Any CPU.ActiveCfg = Release|Any CPU
		{DA8E214D-D2DA-43B6-AF1C-73B030AE0260}.Release|Any CPU.Build.0 = Release|Any CPU
		{0A2FAA37-7689-48D0-9FEE-73DDCF1DD959}.Debug|Any CPU.ActiveCfg = Debug|Any CPU
		{0A2FAA37-7689-48D0-9FEE-73DDCF1DD959}.Debug|Any CPU.Build.0 = Debug|Any CPU
		{0A2FAA37-7689-48D0-9FEE-73DDCF1DD959}.Release|Any CPU.ActiveCfg = Release|Any CPU
		{0A2FAA37-7689-48D0-9FEE-73DDCF1DD959}.Release|Any CPU.Build.0 = Release|Any CPU
		{4DCE8A99-A714-4D86-99B4-AD24E84D6CC7}.Debug|Any CPU.ActiveCfg = Debug|Any CPU
		{4DCE8A99-A714-4D86-99B4-AD24E84D6CC7}.Debug|Any CPU.Build.0 = Debug|Any CPU
		{4DCE8A99-A714-4D86-99B4-AD24E84D6CC7}.Release|Any CPU.ActiveCfg = Release|Any CPU
		{4DCE8A99-A714-4D86-99B4-AD24E84D6CC7}.Release|Any CPU.Build.0 = Release|Any CPU
		{016EEFA9-68D0-4D05-8632-C8C0906AD9D1}.Debug|Any CPU.ActiveCfg = Debug|Any CPU
		{016EEFA9-68D0-4D05-8632-C8C0906AD9D1}.Debug|Any CPU.Build.0 = Debug|Any CPU
		{016EEFA9-68D0-4D05-8632-C8C0906AD9D1}.Release|Any CPU.ActiveCfg = Release|Any CPU
		{016EEFA9-68D0-4D05-8632-C8C0906AD9D1}.Release|Any CPU.Build.0 = Release|Any CPU
		{CF11E8E4-CEB1-4A64-95C6-BE26FAE79C37}.Debug|Any CPU.ActiveCfg = Debug|Any CPU
		{CF11E8E4-CEB1-4A64-95C6-BE26FAE79C37}.Debug|Any CPU.Build.0 = Debug|Any CPU
		{CF11E8E4-CEB1-4A64-95C6-BE26FAE79C37}.Release|Any CPU.ActiveCfg = Release|Any CPU
		{CF11E8E4-CEB1-4A64-95C6-BE26FAE79C37}.Release|Any CPU.Build.0 = Release|Any CPU
		{798A334C-DBCE-45D3-8F35-C55CFB7CAEBE}.Debug|Any CPU.ActiveCfg = Debug|Any CPU
		{798A334C-DBCE-45D3-8F35-C55CFB7CAEBE}.Debug|Any CPU.Build.0 = Debug|Any CPU
		{798A334C-DBCE-45D3-8F35-C55CFB7CAEBE}.Release|Any CPU.ActiveCfg = Release|Any CPU
		{798A334C-DBCE-45D3-8F35-C55CFB7CAEBE}.Release|Any CPU.Build.0 = Release|Any CPU
		{C2942C3B-85B0-4C59-82B0-1D12F5F2AA34}.Debug|Any CPU.ActiveCfg = Debug|Any CPU
		{C2942C3B-85B0-4C59-82B0-1D12F5F2AA34}.Debug|Any CPU.Build.0 = Debug|Any CPU
		{C2942C3B-85B0-4C59-82B0-1D12F5F2AA34}.Release|Any CPU.ActiveCfg = Release|Any CPU
		{C2942C3B-85B0-4C59-82B0-1D12F5F2AA34}.Release|Any CPU.Build.0 = Release|Any CPU
		{DC8F70A2-E1BB-404A-81FF-631AD47101B3}.Debug|Any CPU.ActiveCfg = Debug|Any CPU
		{DC8F70A2-E1BB-404A-81FF-631AD47101B3}.Debug|Any CPU.Build.0 = Debug|Any CPU
		{DC8F70A2-E1BB-404A-81FF-631AD47101B3}.Release|Any CPU.ActiveCfg = Release|Any CPU
		{DC8F70A2-E1BB-404A-81FF-631AD47101B3}.Release|Any CPU.Build.0 = Release|Any CPU
		{B4C33E5C-0ED2-4AAD-A41F-2F316B0E3B2B}.Debug|Any CPU.ActiveCfg = Debug|Any CPU
		{B4C33E5C-0ED2-4AAD-A41F-2F316B0E3B2B}.Debug|Any CPU.Build.0 = Debug|Any CPU
		{B4C33E5C-0ED2-4AAD-A41F-2F316B0E3B2B}.Release|Any CPU.ActiveCfg = Release|Any CPU
		{B4C33E5C-0ED2-4AAD-A41F-2F316B0E3B2B}.Release|Any CPU.Build.0 = Release|Any CPU
	EndGlobalSection
	GlobalSection(SolutionProperties) = preSolution
		HideSolutionNode = FALSE
	EndGlobalSection
	GlobalSection(NestedProjects) = preSolution
		{7016CC4C-A9CB-4DBF-A35E-ECFAE6D0C3F3} = {C3F8E862-96EC-410A-A3C8-3CB89B755C8B}
		{5F63611C-D2CC-49C7-8C37-23744A9C136A} = {67ED791A-938A-44D0-A259-9EB2377358ED}
		{5994985E-0E37-4C3E-8C3A-9C9A9A8C651F} = {7016CC4C-A9CB-4DBF-A35E-ECFAE6D0C3F3}
		{AE29DC83-FA92-4AFF-8CCA-F3FFDD13F08D} = {7016CC4C-A9CB-4DBF-A35E-ECFAE6D0C3F3}
		{B3AB008A-3C44-449A-9B1E-AB594D486B9A} = {C3F8E862-96EC-410A-A3C8-3CB89B755C8B}
		{64303483-0CE6-4845-A182-49A1B073C71C} = {B3AB008A-3C44-449A-9B1E-AB594D486B9A}
		{8C95A5A5-36BF-432F-A4A1-3AB922FC35E5} = {C3F8E862-96EC-410A-A3C8-3CB89B755C8B}
		{B1D7FF8E-D1F5-424A-8C1B-DBBB59638D5D} = {8C95A5A5-36BF-432F-A4A1-3AB922FC35E5}
		{36B23502-2B41-4B62-AC8A-47B6072672FF} = {8C95A5A5-36BF-432F-A4A1-3AB922FC35E5}
		{D09F8DFD-7754-4A02-AE63-715EEAA874EA} = {8C95A5A5-36BF-432F-A4A1-3AB922FC35E5}
		{4B5487C1-530A-45DE-830C-2602E235896D} = {8C95A5A5-36BF-432F-A4A1-3AB922FC35E5}
		{C9CEA86E-C83D-4E8A-9A40-987B97C0F90F} = {7016CC4C-A9CB-4DBF-A35E-ECFAE6D0C3F3}
		{0175740D-6366-4E9B-87AA-CAE82C8BFE19} = {8C95A5A5-36BF-432F-A4A1-3AB922FC35E5}
		{0CFB3CD8-F501-4DBE-8764-EC2BB9F579C2} = {67ED791A-938A-44D0-A259-9EB2377358ED}
		{30F95B4E-9F65-4EFC-B8DD-4884E7E86DDD} = {67ED791A-938A-44D0-A259-9EB2377358ED}
		{29EDEB1A-E332-459C-8137-3B6129EEFF8F} = {85651C3C-7AC3-4E14-89A7-03DBDD888053}
		{7DD6D30B-E760-478F-90EF-942752B479F2} = {85651C3C-7AC3-4E14-89A7-03DBDD888053}
		{0CACF9AC-D08F-4A9D-8DC4-3C2D00F5D0C2} = {85651C3C-7AC3-4E14-89A7-03DBDD888053}
		{F2C43EEB-F392-45D0-ADDC-6C2161D56FC1} = {7016CC4C-A9CB-4DBF-A35E-ECFAE6D0C3F3}
		{1ECCD4FC-B03C-41E4-8133-7427B3BB9DD7} = {7016CC4C-A9CB-4DBF-A35E-ECFAE6D0C3F3}
		{F3EEA3D7-3E02-4D72-88AF-9B7ECD30AD33} = {8C95A5A5-36BF-432F-A4A1-3AB922FC35E5}
		{C35F3194-4FB1-429A-9B2E-F62D2654C47E} = {29EDEB1A-E332-459C-8137-3B6129EEFF8F}
		{758A545F-FFD2-4583-9F7C-749BA08AA704} = {29EDEB1A-E332-459C-8137-3B6129EEFF8F}
		{ACA453DA-5BD0-4363-B86C-4CC856CA3387} = {29EDEB1A-E332-459C-8137-3B6129EEFF8F}
		{7DD2EAF1-D525-4F17-A037-F394121FB300} = {29EDEB1A-E332-459C-8137-3B6129EEFF8F}
		{3EFAAF24-B5AE-429A-84CC-797FEB2F6E30} = {5F63611C-D2CC-49C7-8C37-23744A9C136A}
		{2383016C-64CA-44BE-91CE-04F9C1E69962} = {5F63611C-D2CC-49C7-8C37-23744A9C136A}
		{9300FC3E-D3FB-418B-8A4A-83CB9FE12FD0} = {5F63611C-D2CC-49C7-8C37-23744A9C136A}
		{F3BA03D7-400A-4FB1-8EC2-B91B366D08E4} = {5F63611C-D2CC-49C7-8C37-23744A9C136A}
		{4414091B-79EB-4D1F-B00A-705B8188366F} = {5F63611C-D2CC-49C7-8C37-23744A9C136A}
		{1FA57C03-04B0-4CEE-82DB-54CB8DBEAE64} = {7016CC4C-A9CB-4DBF-A35E-ECFAE6D0C3F3}
		{FC32CC06-5E07-4192-BFD0-2E176ECC693F} = {B3AB008A-3C44-449A-9B1E-AB594D486B9A}
		{24AEB583-188F-4227-AA76-054CF9A6E02D} = {29EDEB1A-E332-459C-8137-3B6129EEFF8F}
		{6AC8CFE3-BB72-420B-95F0-3E7521BD321F} = {7016CC4C-A9CB-4DBF-A35E-ECFAE6D0C3F3}
		{A538D974-10FE-4344-B0B2-3C13AB23E7D6} = {B3AB008A-3C44-449A-9B1E-AB594D486B9A}
		{5B4BA8DA-C534-46FA-9622-F6030725FCB4} = {7016CC4C-A9CB-4DBF-A35E-ECFAE6D0C3F3}
		{65DDDCA5-CCA6-4840-8BC1-6E11A59F163E} = {650D219D-8000-4695-BD9B-DC48B3002126}
		{72CAA957-BA88-4F59-BC57-DAE051CD6331} = {650D219D-8000-4695-BD9B-DC48B3002126}
		{DEA09ABF-F587-443A-927D-14E3C4882D21} = {650D219D-8000-4695-BD9B-DC48B3002126}
		{A68933BC-17FF-455E-B049-6B441EA51114} = {C47B11D8-2CD0-476B-BCF3-234EFC95FE7C}
		{22014CE1-3C2A-456C-91E5-32B19D59A86C} = {2D5AC95F-933C-44F3-9EDF-67907354F53C}
		{8D00CB42-F447-45A0-B71F-F895BFAEA45B} = {22014CE1-3C2A-456C-91E5-32B19D59A86C}
		{11DBD04E-0521-40F6-8823-417E4CEF7B22} = {22014CE1-3C2A-456C-91E5-32B19D59A86C}
		{67BFE407-CA75-4C0A-B0F7-7CE603C30C36} = {22014CE1-3C2A-456C-91E5-32B19D59A86C}
		{7C3DEDCC-8565-4915-A9EA-CB81EED09C98} = {22014CE1-3C2A-456C-91E5-32B19D59A86C}
		{EC8BFA79-F14B-43F5-9C60-93561ABAFC54} = {2D5AC95F-933C-44F3-9EDF-67907354F53C}
		{656F953B-0EB9-457C-B5DB-6C106A7400A5} = {2D5AC95F-933C-44F3-9EDF-67907354F53C}
		{B9788AFB-8B81-4309-AFB7-5380FC7CCF1E} = {EC8BFA79-F14B-43F5-9C60-93561ABAFC54}
		{776E1BBE-7632-4D04-AE9E-336959DEF22D} = {A68933BC-17FF-455E-B049-6B441EA51114}
		{4672E022-9974-458A-BD57-F5009A330E46} = {A68933BC-17FF-455E-B049-6B441EA51114}
		{DA8E214D-D2DA-43B6-AF1C-73B030AE0260} = {A68933BC-17FF-455E-B049-6B441EA51114}
		{0A2FAA37-7689-48D0-9FEE-73DDCF1DD959} = {A68933BC-17FF-455E-B049-6B441EA51114}
		{650D219D-8000-4695-BD9B-DC48B3002126} = {6EF5C078-EDC3-4660-A85C-C195256259D6}
		{45B17963-5C04-479E-A64B-EC637730E36B} = {6EF5C078-EDC3-4660-A85C-C195256259D6}
		{2145D241-E761-4908-A682-CB831A803C06} = {C47B11D8-2CD0-476B-BCF3-234EFC95FE7C}
		{ADA5E92E-5087-4EB7-AFD3-96B82BB554E6} = {6EF5C078-EDC3-4660-A85C-C195256259D6}
		{4DCE8A99-A714-4D86-99B4-AD24E84D6CC7} = {45B17963-5C04-479E-A64B-EC637730E36B}
		{016EEFA9-68D0-4D05-8632-C8C0906AD9D1} = {2145D241-E761-4908-A682-CB831A803C06}
		{CF11E8E4-CEB1-4A64-95C6-BE26FAE79C37} = {650D219D-8000-4695-BD9B-DC48B3002126}
		{798A334C-DBCE-45D3-8F35-C55CFB7CAEBE} = {B3AB008A-3C44-449A-9B1E-AB594D486B9A}
		{C2942C3B-85B0-4C59-82B0-1D12F5F2AA34} = {8C95A5A5-36BF-432F-A4A1-3AB922FC35E5}
		{DC8F70A2-E1BB-404A-81FF-631AD47101B3} = {7016CC4C-A9CB-4DBF-A35E-ECFAE6D0C3F3}
		{B4C33E5C-0ED2-4AAD-A41F-2F316B0E3B2B} = {7016CC4C-A9CB-4DBF-A35E-ECFAE6D0C3F3}
	EndGlobalSection
	GlobalSection(ExtensibilityGlobals) = postSolution
		SolutionGuid = {AE362151-8B43-49C2-ABD3-060B24911784}
	EndGlobalSection
EndGlobal
