
Microsoft Visual Studio Solution File, Format Version 12.00
# Visual Studio Version 16
VisualStudioVersion = 16.0.29519.87
MinimumVisualStudioVersion = 10.0.40219.1
Project("{2150E333-8FDC-42A3-9474-1A3956D46DE8}") = "_share", "_share", "{31508F39-06D2-4C22-9180-3C21FFFF00CE}"
	ProjectSection(SolutionItems) = preProject
		..\..\nuget.config = ..\..\nuget.config
		..\..\stylecop.json = ..\..\stylecop.json
		..\..\version.props = ..\..\version.props
	EndProjectSection
EndProject
Project("{2150E333-8FDC-42A3-9474-1A3956D46DE8}") = "1.Projects", "1.Projects", "{142C2601-5AF6-4D11-BAC8-B7B7FB8304C5}"
EndProject
Project("{9A19103F-16F7-4668-BE54-9A1E7A4F7556}") = "Skynet.Cloud.Storage.Core", "Skynet.Cloud.Storage.Core\Skynet.Cloud.Storage.Core.csproj", "{6A238C66-3264-4F75-8643-C88B03C5D5AF}"
EndProject
Project("{9A19103F-16F7-4668-BE54-9A1E7A4F7556}") = "Skynet.Cloud.Storage.Ftp.Core", "Skynet.Cloud.Storage.Ftp.Core\Skynet.Cloud.Storage.Ftp.Core.csproj", "{A4EA0242-7CF9-42DB-AB15-DEA230142D3A}"
EndProject
Project("{9A19103F-16F7-4668-BE54-9A1E7A4F7556}") = "Skynet.Cloud.Storage.Local.Core", "Skynet.Cloud.Storage.Local.Core\Skynet.Cloud.Storage.Local.Core.csproj", "{3DD3D93D-57E5-43E2-A728-7F5C695CAD21}"
EndProject
Project("{FAE04EC0-301F-11D3-BF4B-00C04F79EFBC}") = "Skynet.Cloud.Storage.AliyunOss.Core", "Skynet.Cloud.Storage.AliyunOss.Core\Skynet.Cloud.Storage.AliyunOss.Core.csproj", "{915F920F-0DB9-45A2-8889-A6D88ED0E200}"
EndProject
Global
	GlobalSection(SolutionConfigurationPlatforms) = preSolution
		Debug|Any CPU = Debug|Any CPU
		Release|Any CPU = Release|Any CPU
	EndGlobalSection
	GlobalSection(ProjectConfigurationPlatforms) = postSolution
		{6A238C66-3264-4F75-8643-C88B03C5D5AF}.Debug|Any CPU.ActiveCfg = Debug|Any CPU
		{6A238C66-3264-4F75-8643-C88B03C5D5AF}.Debug|Any CPU.Build.0 = Debug|Any CPU
		{6A238C66-3264-4F75-8643-C88B03C5D5AF}.Release|Any CPU.ActiveCfg = Release|Any CPU
		{6A238C66-3264-4F75-8643-C88B03C5D5AF}.Release|Any CPU.Build.0 = Release|Any CPU
		{A4EA0242-7CF9-42DB-AB15-DEA230142D3A}.Debug|Any CPU.ActiveCfg = Debug|Any CPU
		{A4EA0242-7CF9-42DB-AB15-DEA230142D3A}.Debug|Any CPU.Build.0 = Debug|Any CPU
		{A4EA0242-7CF9-42DB-AB15-DEA230142D3A}.Release|Any CPU.ActiveCfg = Release|Any CPU
		{A4EA0242-7CF9-42DB-AB15-DEA230142D3A}.Release|Any CPU.Build.0 = Release|Any CPU
		{3DD3D93D-57E5-43E2-A728-7F5C695CAD21}.Debug|Any CPU.ActiveCfg = Debug|Any CPU
		{3DD3D93D-57E5-43E2-A728-7F5C695CAD21}.Debug|Any CPU.Build.0 = Debug|Any CPU
		{3DD3D93D-57E5-43E2-A728-7F5C695CAD21}.Release|Any CPU.ActiveCfg = Release|Any CPU
		{3DD3D93D-57E5-43E2-A728-7F5C695CAD21}.Release|Any CPU.Build.0 = Release|Any CPU
		{915F920F-0DB9-45A2-8889-A6D88ED0E200}.Debug|Any CPU.ActiveCfg = Debug|Any CPU
		{915F920F-0DB9-45A2-8889-A6D88ED0E200}.Debug|Any CPU.Build.0 = Debug|Any CPU
		{915F920F-0DB9-45A2-8889-A6D88ED0E200}.Release|Any CPU.ActiveCfg = Release|Any CPU
		{915F920F-0DB9-45A2-8889-A6D88ED0E200}.Release|Any CPU.Build.0 = Release|Any CPU
	EndGlobalSection
	GlobalSection(SolutionProperties) = preSolution
		HideSolutionNode = FALSE
	EndGlobalSection
	GlobalSection(NestedProjects) = preSolution
		{6A238C66-3264-4F75-8643-C88B03C5D5AF} = {142C2601-5AF6-4D11-BAC8-B7B7FB8304C5}
		{A4EA0242-7CF9-42DB-AB15-DEA230142D3A} = {142C2601-5AF6-4D11-BAC8-B7B7FB8304C5}
		{3DD3D93D-57E5-43E2-A728-7F5C695CAD21} = {142C2601-5AF6-4D11-BAC8-B7B7FB8304C5}
		{915F920F-0DB9-45A2-8889-A6D88ED0E200} = {142C2601-5AF6-4D11-BAC8-B7B7FB8304C5}
	EndGlobalSection
	GlobalSection(ExtensibilityGlobals) = postSolution
		SolutionGuid = {76C5DF76-8E0E-4E26-AB76-29D801073FDD}
	EndGlobalSection
EndGlobal
